PODS:
  - Alamofire (4.8.1)
  - KeychainAccess (3.2.0)
  - Keys (1.0.1)
  - Kingfisher (5.3.1)
  - Moya (13.0.0-beta.1):
    - Moya/Core (= 13.0.0-beta.1)
  - Moya/Core (13.0.0-beta.1):
    - Alamofire (~> 4.1)
    - Result (~> 4.1)
  - PromiseKit (6.8.3):
    - PromiseKit/CorePromise (= 6.8.3)
    - PromiseKit/Foundation (= 6.8.3)
    - PromiseKit/UIKit (= 6.8.3)
  - PromiseKit/Alamofire (6.8.3):
    - Alamofire (~> 4.0)
    - PromiseKit/CorePromise
  - PromiseKit/CoreLocation (6.8.3):
    - PromiseKit/CorePromise
  - PromiseKit/CorePromise (6.8.3)
  - PromiseKit/Foundation (6.8.3):
    - PromiseKit/CorePromise
  - PromiseKit/UIKit (6.8.3):
    - PromiseKit/CorePromise
  - Result (4.1.0)
  - SwiftyUserDefaults (4.0.0-beta.2)

DEPENDENCIES:
  - KeychainAccess (= 3.2.0)
  - Keys (from `Pods/CocoaPodsKeys`)
  - Kingfisher (= 5.3.1)
  - Moya (= 13.0.0-beta.1)
  - PromiseKit (= 6.8.3)
  - PromiseKit/Alamofire (= 6.8.3)
  - PromiseKit/CoreLocation (= 6.8.3)
  - SwiftyUserDefaults (= 4.0.0-beta.2)

SPEC REPOS:
  https://github.com/cocoapods/specs.git:
    - Alamofire
    - KeychainAccess
    - Kingfisher
    - Moya
    - PromiseKit
    - Result
    - SwiftyUserDefaults

EXTERNAL SOURCES:
  Keys:
    :path: Pods/CocoaPodsKeys

SPEC CHECKSUMS:
  Alamofire: 16ce2c353fb72865124ddae8a57c5942388f4f11
  KeychainAccess: 3b1bf8a77eb4c6ea1ce9404c292e48f948954c6b
  Keys: a576f4c9c1c641ca913a959a9c62ed3f215a8de9
  Kingfisher: d9e7e0b209b59b8f9873aa2f37654e81a7beea51
  Moya: c084dac5ea389eeac7c1059f0553d74197182d39
  PromiseKit: 94c6e781838c5bf4717677d0d882b0e7250c80fc
  Result: bd966fac789cc6c1563440b348ab2598cc24d5c7
  SwiftyUserDefaults: 39ec70433f22f3052a64bc5fbfb34f46932b8bf1

PODFILE CHECKSUM: ef10cdd820d92a2bbc5a125de6d866d08c037138

COCOAPODS: 1.6.1
