// !$*UTF8*$!
{
	archiveVersion = 1;
	classes = {
	};
	objectVersion = 50;
	objects = {

/* Begin PBXBuildFile section */
		0A0B00A5221FD999008E17D9 /* Geojson.swift in Sources */ = {isa = PBXBuildFile; fileRef = 0A0B00A4221FD999008E17D9 /* Geojson.swift */; };
		0A0BE666223F72E9004E9AC4 /* TaxonWebContentView.swift in Sources */ = {isa = PBXBuildFile; fileRef = 0A0BE665223F72E9004E9AC4 /* TaxonWebContentView.swift */; };
		0A0BE668223F7304004E9AC4 /* TaxonWebContentView.xib in Resources */ = {isa = PBXBuildFile; fileRef = 0A0BE667223F7304004E9AC4 /* TaxonWebContentView.xib */; };
		0A10102C223E408000EB42C3 /* ObservationDescription.xib in Resources */ = {isa = PBXBuildFile; fileRef = 0A10102B223E408000EB42C3 /* ObservationDescription.xib */; };
		0A10102E223E40A500EB42C3 /* ObservationDescription.swift in Sources */ = {isa = PBXBuildFile; fileRef = 0A10102D223E40A500EB42C3 /* ObservationDescription.swift */; };
		0A101032223E6C2400EB42C3 /* KeyedDecodingContainerExtensions.swift in Sources */ = {isa = PBXBuildFile; fileRef = 0A101031223E6C2400EB42C3 /* KeyedDecodingContainerExtensions.swift */; };
		0A17F8FA223D562A00B71E66 /* PhotoViewController.storyboard in Resources */ = {isa = PBXBuildFile; fileRef = 0A17F8F7223D562900B71E66 /* PhotoViewController.storyboard */; };
		0A17F8FB223D562A00B71E66 /* PhotoViewController.swift in Sources */ = {isa = PBXBuildFile; fileRef = 0A17F8F8223D562900B71E66 /* PhotoViewController.swift */; };
		0A17F8FC223D562A00B71E66 /* PhotoCollectionViewCell.swift in Sources */ = {isa = PBXBuildFile; fileRef = 0A17F8F9223D562900B71E66 /* PhotoCollectionViewCell.swift */; };
		0A1D41632243A0A500718651 /* FullScreenNavigationViewController.swift in Sources */ = {isa = PBXBuildFile; fileRef = 0A1D41622243A0A500718651 /* FullScreenNavigationViewController.swift */; };
		0A1D41652243A0B500718651 /* FullScreenViewController.swift in Sources */ = {isa = PBXBuildFile; fileRef = 0A1D41642243A0B500718651 /* FullScreenViewController.swift */; };
		0A21747B22255487007E4EFC /* UIImageExtensions.swift in Sources */ = {isa = PBXBuildFile; fileRef = 0A21747A22255487007E4EFC /* UIImageExtensions.swift */; };
		0A21747D222577CF007E4EFC /* IconicTaxonName.swift in Sources */ = {isa = PBXBuildFile; fileRef = 0A21747C222577CF007E4EFC /* IconicTaxonName.swift */; };
		0A21747F22257828007E4EFC /* IconicTaxonName+Color.swift in Sources */ = {isa = PBXBuildFile; fileRef = 0A21747E22257828007E4EFC /* IconicTaxonName+Color.swift */; };
		0A2174812225821A007E4EFC /* UIColorExtensions.swift in Sources */ = {isa = PBXBuildFile; fileRef = 0A2174802225821A007E4EFC /* UIColorExtensions.swift */; };
		0A25DFA322367B1300DEB46E /* ObservationProfileView.xib in Resources */ = {isa = PBXBuildFile; fileRef = 0A25DFA222367B1300DEB46E /* ObservationProfileView.xib */; };
		0A25DFA5223685B800DEB46E /* ObservationPhotoView.xib in Resources */ = {isa = PBXBuildFile; fileRef = 0A25DFA4223685B800DEB46E /* ObservationPhotoView.xib */; };
		0A25DFA92236902F00DEB46E /* ObservationFaveView.xib in Resources */ = {isa = PBXBuildFile; fileRef = 0A25DFA82236902F00DEB46E /* ObservationFaveView.xib */; };
		0A3139E4221AB315009D87F0 /* MapViewController.swift in Sources */ = {isa = PBXBuildFile; fileRef = 0A3139E3221AB315009D87F0 /* MapViewController.swift */; };
		0A3139E6221ABCE9009D87F0 /* MKMapViewExtension.swift in Sources */ = {isa = PBXBuildFile; fileRef = 0A3139E5221ABCE9009D87F0 /* MKMapViewExtension.swift */; };
		0A33CA37221F1F1B00BDD802 /* PromiseKitExtensions.swift in Sources */ = {isa = PBXBuildFile; fileRef = 0A33CA36221F1F1B00BDD802 /* PromiseKitExtensions.swift */; };
		0A37F4EB2238316F0089FC09 /* ObservationDetailProtocol.swift in Sources */ = {isa = PBXBuildFile; fileRef = 0A37F4EA2238316F0089FC09 /* ObservationDetailProtocol.swift */; };
		0A3885B7223D8FB4003A63E8 /* PhotoActivityIndicator.swift in Sources */ = {isa = PBXBuildFile; fileRef = 0A3885B6223D8FB4003A63E8 /* PhotoActivityIndicator.swift */; };
		0A3DA670223EACFB002C8E89 /* MapBounds.swift in Sources */ = {isa = PBXBuildFile; fileRef = 0A3DA66F223EACFB002C8E89 /* MapBounds.swift */; };
		0A3DA674223EB7D4002C8E89 /* TaxonMapViewController.storyboard in Resources */ = {isa = PBXBuildFile; fileRef = 0A3DA672223EB7D4002C8E89 /* TaxonMapViewController.storyboard */; };
		0A3DA675223EB7D4002C8E89 /* TaxonMapViewController.swift in Sources */ = {isa = PBXBuildFile; fileRef = 0A3DA673223EB7D4002C8E89 /* TaxonMapViewController.swift */; };
		0A3DA677223EBE0A002C8E89 /* ObservationCoordinate.swift in Sources */ = {isa = PBXBuildFile; fileRef = 0A3DA676223EBE0A002C8E89 /* ObservationCoordinate.swift */; };
		0A3F664B2219B750002452B0 /* AuthorizeViewController.swift in Sources */ = {isa = PBXBuildFile; fileRef = 0A3F664A2219B750002452B0 /* AuthorizeViewController.swift */; };
		0A451A812211B35400684AC4 /* FreeMethods.swift in Sources */ = {isa = PBXBuildFile; fileRef = 0A451A802211B35400684AC4 /* FreeMethods.swift */; };
		0A451A882211B5B000684AC4 /* Animations.swift in Sources */ = {isa = PBXBuildFile; fileRef = 0A451A872211B5B000684AC4 /* Animations.swift */; };
		0A47A1DC222838A3005B4AEB /* Globals.swift in Sources */ = {isa = PBXBuildFile; fileRef = 0A47A1DB222838A3005B4AEB /* Globals.swift */; };
		0A47A1DE22283B00005B4AEB /* UIViewControllerExtensions.swift in Sources */ = {isa = PBXBuildFile; fileRef = 0A47A1DD22283B00005B4AEB /* UIViewControllerExtensions.swift */; };
		0A4D5D6A223FDF8D00B2EB0E /* Observer.swift in Sources */ = {isa = PBXBuildFile; fileRef = 0A4D5D69223FDF8D00B2EB0E /* Observer.swift */; };
		0A5832332224118A0071DEE0 /* ObservationAnnotation.swift in Sources */ = {isa = PBXBuildFile; fileRef = 0A5832322224118A0071DEE0 /* ObservationAnnotation.swift */; };
		0A5898222260E7980036AD6E /* SheetViewController.storyboard in Resources */ = {isa = PBXBuildFile; fileRef = 0A5898212260E7980036AD6E /* SheetViewController.storyboard */; };
		0A5898242260E7A60036AD6E /* SheetViewController.swift in Sources */ = {isa = PBXBuildFile; fileRef = 0A5898232260E7A60036AD6E /* SheetViewController.swift */; };
		0A5898262260E7CB0036AD6E /* SheetPromise.swift in Sources */ = {isa = PBXBuildFile; fileRef = 0A5898252260E7CB0036AD6E /* SheetPromise.swift */; };
		0A5898332260E91F0036AD6E /* PickPhotoCollectionViewCell.swift in Sources */ = {isa = PBXBuildFile; fileRef = 0A5898292260E91E0036AD6E /* PickPhotoCollectionViewCell.swift */; };
		0A5898352260E91F0036AD6E /* PickPhotoController.storyboard in Resources */ = {isa = PBXBuildFile; fileRef = 0A58982B2260E91F0036AD6E /* PickPhotoController.storyboard */; };
		0A5898362260E91F0036AD6E /* PickPhotoController.swift in Sources */ = {isa = PBXBuildFile; fileRef = 0A58982C2260E91F0036AD6E /* PickPhotoController.swift */; };
		0A5898372260E91F0036AD6E /* ImagePickerPromise.swift in Sources */ = {isa = PBXBuildFile; fileRef = 0A58982D2260E91F0036AD6E /* ImagePickerPromise.swift */; };
		0A5898382260E91F0036AD6E /* DataExtensions.swift in Sources */ = {isa = PBXBuildFile; fileRef = 0A58982E2260E91F0036AD6E /* DataExtensions.swift */; };
		0A5898392260E91F0036AD6E /* PHImageManagerPromise.swift in Sources */ = {isa = PBXBuildFile; fileRef = 0A58982F2260E91F0036AD6E /* PHImageManagerPromise.swift */; };
		0A58983A2260E91F0036AD6E /* CLLocationExtensions.swift in Sources */ = {isa = PBXBuildFile; fileRef = 0A5898302260E91F0036AD6E /* CLLocationExtensions.swift */; };
		0A58983B2260E91F0036AD6E /* PhotoLibraryPromise.swift in Sources */ = {isa = PBXBuildFile; fileRef = 0A5898312260E91F0036AD6E /* PhotoLibraryPromise.swift */; };
		0A5F60B62227FF4600EABDAF /* UITableViewExtensions.swift in Sources */ = {isa = PBXBuildFile; fileRef = 0A5F60B52227FF4600EABDAF /* UITableViewExtensions.swift */; };
		0A62579F222DB78800812C5D /* UIViewExtensions.swift in Sources */ = {isa = PBXBuildFile; fileRef = 0A62579E222DB78800812C5D /* UIViewExtensions.swift */; };
		0A6624E022660E5C00EB2747 /* UITextViewPlaceholder.swift in Sources */ = {isa = PBXBuildFile; fileRef = 0A6624DF22660E5C00EB2747 /* UITextViewPlaceholder.swift */; };
		0A7788A22264F3CD00A471F1 /* AddObservationTableViewController.swift in Sources */ = {isa = PBXBuildFile; fileRef = 0A7788A12264F3CD00A471F1 /* AddObservationTableViewController.swift */; };
		0A87BB4D2227419100150BE9 /* ObservationDetailsViewController.swift in Sources */ = {isa = PBXBuildFile; fileRef = 0A87BB4C2227419100150BE9 /* ObservationDetailsViewController.swift */; };
		0A87BB4F2227441300150BE9 /* ObservationProfileView.swift in Sources */ = {isa = PBXBuildFile; fileRef = 0A87BB4E2227441300150BE9 /* ObservationProfileView.swift */; };
		0A87BB512227461800150BE9 /* ObservationPhotoView.swift in Sources */ = {isa = PBXBuildFile; fileRef = 0A87BB502227461800150BE9 /* ObservationPhotoView.swift */; };
		0A87BB532227470B00150BE9 /* ObservationTaxaView.swift in Sources */ = {isa = PBXBuildFile; fileRef = 0A87BB522227470B00150BE9 /* ObservationTaxaView.swift */; };
		0A87BB5522274A5F00150BE9 /* ObservationFaveView.swift in Sources */ = {isa = PBXBuildFile; fileRef = 0A87BB5422274A5F00150BE9 /* ObservationFaveView.swift */; };
		0A89205A22364D2D00900224 /* NibInstantiable.swift in Sources */ = {isa = PBXBuildFile; fileRef = 0A89205922364D2D00900224 /* NibInstantiable.swift */; };
		0A89205D22364D6E00900224 /* StackViewController.swift in Sources */ = {isa = PBXBuildFile; fileRef = 0A89205C22364D6E00900224 /* StackViewController.swift */; };
		0A89205F22364E2100900224 /* NSLayoutConstraintExtensions.swift in Sources */ = {isa = PBXBuildFile; fileRef = 0A89205E22364E2100900224 /* NSLayoutConstraintExtensions.swift */; };
		0A93539922207E700067E197 /* CLLocationCoordinate2DExtensions.swift in Sources */ = {isa = PBXBuildFile; fileRef = 0A93539822207E700067E197 /* CLLocationCoordinate2DExtensions.swift */; };
		0A977B67220E0B8B005D1DC2 /* AppDelegate.swift in Sources */ = {isa = PBXBuildFile; fileRef = 0A977B66220E0B8B005D1DC2 /* AppDelegate.swift */; };
		0A977B6C220E0B8B005D1DC2 /* Main.storyboard in Resources */ = {isa = PBXBuildFile; fileRef = 0A977B6A220E0B8B005D1DC2 /* Main.storyboard */; };
		0A977B6E220E0B8C005D1DC2 /* Assets.xcassets in Resources */ = {isa = PBXBuildFile; fileRef = 0A977B6D220E0B8C005D1DC2 /* Assets.xcassets */; };
		0A977B71220E0B8C005D1DC2 /* LaunchScreen.storyboard in Resources */ = {isa = PBXBuildFile; fileRef = 0A977B6F220E0B8C005D1DC2 /* LaunchScreen.storyboard */; };
		0A977B7C220E0B8C005D1DC2 /* NaturalistAppTests.swift in Sources */ = {isa = PBXBuildFile; fileRef = 0A977B7B220E0B8C005D1DC2 /* NaturalistAppTests.swift */; };
		0A977B87220E0B8C005D1DC2 /* NaturalistAppUITests.swift in Sources */ = {isa = PBXBuildFile; fileRef = 0A977B86220E0B8C005D1DC2 /* NaturalistAppUITests.swift */; };
		0A9F8C842219516200C299C8 /* Content.swift in Sources */ = {isa = PBXBuildFile; fileRef = 0A9F8C832219516200C299C8 /* Content.swift */; };
		0A9F8C862219615C00C299C8 /* PagedResults.swift in Sources */ = {isa = PBXBuildFile; fileRef = 0A9F8C852219615C00C299C8 /* PagedResults.swift */; };
		0A9F8C88221961B200C299C8 /* NatProvider.swift in Sources */ = {isa = PBXBuildFile; fileRef = 0A9F8C87221961B200C299C8 /* NatProvider.swift */; };
		0A9F8C8A221969E600C299C8 /* NatNetworkError.swift in Sources */ = {isa = PBXBuildFile; fileRef = 0A9F8C89221969E600C299C8 /* NatNetworkError.swift */; };
		0A9F8C8C22198F7800C299C8 /* AccessToken.swift in Sources */ = {isa = PBXBuildFile; fileRef = 0A9F8C8B22198F7800C299C8 /* AccessToken.swift */; };
		0A9F8C8E2219905500C299C8 /* JWTToken.swift in Sources */ = {isa = PBXBuildFile; fileRef = 0A9F8C8D2219905500C299C8 /* JWTToken.swift */; };
		0AA22B15223FA8DD00F1A52B /* WebViewController.swift in Sources */ = {isa = PBXBuildFile; fileRef = 0AA22B14223FA8DD00F1A52B /* WebViewController.swift */; };
		0AA3982E223F7F2900AF2A62 /* TaxonMapheaderView.swift in Sources */ = {isa = PBXBuildFile; fileRef = 0AA3982D223F7F2900AF2A62 /* TaxonMapheaderView.swift */; };
		0AA39830223F7F6400AF2A62 /* TaxonMapheaderView.xib in Resources */ = {isa = PBXBuildFile; fileRef = 0AA3982F223F7F6400AF2A62 /* TaxonMapheaderView.xib */; };
		0AA5CDAF222044CD000A80BE /* SLocation.swift in Sources */ = {isa = PBXBuildFile; fileRef = 0AA5CDAE222044CD000A80BE /* SLocation.swift */; };
		0AA74C4B223137E700B824E8 /* NatTabBarController.swift in Sources */ = {isa = PBXBuildFile; fileRef = 0AA74C4A223137E700B824E8 /* NatTabBarController.swift */; };
		0AA8DB46222900C0003999B7 /* UIStoryboardExtensions.swift in Sources */ = {isa = PBXBuildFile; fileRef = 0AA8DB45222900C0003999B7 /* UIStoryboardExtensions.swift */; };
		0AA9F17A2221CB43008A67D5 /* MKMapRectExtensions.swift in Sources */ = {isa = PBXBuildFile; fileRef = 0AA9F1792221CB43008A67D5 /* MKMapRectExtensions.swift */; };
		0AB65035223ED97500B65768 /* TaxonDetailViewController.swift in Sources */ = {isa = PBXBuildFile; fileRef = 0AB65034223ED97500B65768 /* TaxonDetailViewController.swift */; };
		0ABA9C5F22101D9E0099F774 /* User.swift in Sources */ = {isa = PBXBuildFile; fileRef = 0ABA9C5E22101D9E0099F774 /* User.swift */; };
		0ABA9C61221024A10099F774 /* Observation.swift in Sources */ = {isa = PBXBuildFile; fileRef = 0ABA9C60221024A10099F774 /* Observation.swift */; };
		0ABA9C63221029BD0099F774 /* LicenseCode.swift in Sources */ = {isa = PBXBuildFile; fileRef = 0ABA9C62221029BD0099F774 /* LicenseCode.swift */; };
		0ABA9C65221029EE0099F774 /* Photo.swift in Sources */ = {isa = PBXBuildFile; fileRef = 0ABA9C64221029EE0099F774 /* Photo.swift */; };
		0ABA9C6722102B210099F774 /* Taxon.swift in Sources */ = {isa = PBXBuildFile; fileRef = 0ABA9C6622102B210099F774 /* Taxon.swift */; };
		0ABA9C6922103BDD0099F774 /* Comment.swift in Sources */ = {isa = PBXBuildFile; fileRef = 0ABA9C6822103BDD0099F774 /* Comment.swift */; };
		0ABA9C6B2210498A0099F774 /* Fave.swift in Sources */ = {isa = PBXBuildFile; fileRef = 0ABA9C6A2210498A0099F774 /* Fave.swift */; };
		0ABA9C6E22105FAB0099F774 /* NatAPI.swift in Sources */ = {isa = PBXBuildFile; fileRef = 0ABA9C6D22105FAB0099F774 /* NatAPI.swift */; };
		0ABA9C7122109EA60099F774 /* DefaultCaseRepresentable.swift in Sources */ = {isa = PBXBuildFile; fileRef = 0ABA9C7022109EA60099F774 /* DefaultCaseRepresentable.swift */; };
		0ABA9C742210A3EC0099F774 /* KeychainService.swift in Sources */ = {isa = PBXBuildFile; fileRef = 0ABA9C732210A3C80099F774 /* KeychainService.swift */; };
		0ABA9C762210A4790099F774 /* APIKeys.swift in Sources */ = {isa = PBXBuildFile; fileRef = 0ABA9C752210A4790099F774 /* APIKeys.swift */; };
		0AD2C6E5222D2C4A003ECFD6 /* StoryboardInstantiable.swift in Sources */ = {isa = PBXBuildFile; fileRef = 0AD2C6E4222D2C4A003ECFD6 /* StoryboardInstantiable.swift */; };
		0AD2C6E7222D2C86003ECFD6 /* BasicViewController.swift in Sources */ = {isa = PBXBuildFile; fileRef = 0AD2C6E6222D2C86003ECFD6 /* BasicViewController.swift */; };
		0AD6037A22624B340099B90F /* AddObservationViewController.swift in Sources */ = {isa = PBXBuildFile; fileRef = 0AD6037922624B340099B90F /* AddObservationViewController.swift */; };
		0AD653E922401315007F315B /* LeadersTableViewController.swift in Sources */ = {isa = PBXBuildFile; fileRef = 0AD653E822401315007F315B /* LeadersTableViewController.swift */; };
		0AD653EB2240134D007F315B /* LeadersTableViewCell.swift in Sources */ = {isa = PBXBuildFile; fileRef = 0AD653EA2240134D007F315B /* LeadersTableViewCell.swift */; };
		0AD653EE2240290C007F315B /* IndicateStateProtocol.swift in Sources */ = {isa = PBXBuildFile; fileRef = 0AD653ED2240290C007F315B /* IndicateStateProtocol.swift */; };
		0AD653F02240291B007F315B /* IndicateState.swift in Sources */ = {isa = PBXBuildFile; fileRef = 0AD653EF2240291B007F315B /* IndicateState.swift */; };
		0AD81CC8223A7D90003082BC /* ActivityProfileTableViewCell.swift in Sources */ = {isa = PBXBuildFile; fileRef = 0AD81CBD223A7D8E003082BC /* ActivityProfileTableViewCell.swift */; };
		0AD81CCA223A7D90003082BC /* DateExtensions.swift in Sources */ = {isa = PBXBuildFile; fileRef = 0AD81CBF223A7D8F003082BC /* DateExtensions.swift */; };
		0AD81CCB223A7D90003082BC /* ActivityCommentTableViewCell.swift in Sources */ = {isa = PBXBuildFile; fileRef = 0AD81CC0223A7D8F003082BC /* ActivityCommentTableViewCell.swift */; };
		0AD81CCD223A7D90003082BC /* ActivityViewController.storyboard in Resources */ = {isa = PBXBuildFile; fileRef = 0AD81CC2223A7D8F003082BC /* ActivityViewController.storyboard */; };
		0AD81CCE223A7D90003082BC /* ObservationTaxaView.xib in Resources */ = {isa = PBXBuildFile; fileRef = 0AD81CC3223A7D8F003082BC /* ObservationTaxaView.xib */; };
		0AD81CCF223A7D90003082BC /* ActivityTaxaTableViewCell.swift in Sources */ = {isa = PBXBuildFile; fileRef = 0AD81CC4223A7D8F003082BC /* ActivityTaxaTableViewCell.swift */; };
		0AD81CD2223A7D90003082BC /* ActivityViewController.swift in Sources */ = {isa = PBXBuildFile; fileRef = 0AD81CC7223A7D90003082BC /* ActivityViewController.swift */; };
		0AD81CD4223A7F9C003082BC /* Identification.swift in Sources */ = {isa = PBXBuildFile; fileRef = 0AD81CD3223A7F9C003082BC /* Identification.swift */; };
		0ADC99AA22292FD400034F49 /* TaxonPhoto.swift in Sources */ = {isa = PBXBuildFile; fileRef = 0ADC99A922292FD400034F49 /* TaxonPhoto.swift */; };
		0ADF8A48222FCC3A0047AC25 /* StringExtensions.swift in Sources */ = {isa = PBXBuildFile; fileRef = 0ADF8A47222FCC3A0047AC25 /* StringExtensions.swift */; };
		0ADF8A4A222FD6F80047AC25 /* UICollectionViewExtensions.swift in Sources */ = {isa = PBXBuildFile; fileRef = 0ADF8A49222FD6F80047AC25 /* UICollectionViewExtensions.swift */; };
		0AF16996222E75CE00C1058B /* ProfileCollectionViewController.swift in Sources */ = {isa = PBXBuildFile; fileRef = 0AF16995222E75CE00C1058B /* ProfileCollectionViewController.swift */; };
		0AF16998222E76BD00C1058B /* ProfileHeaderCollectionReusableView.swift in Sources */ = {isa = PBXBuildFile; fileRef = 0AF16997222E76BD00C1058B /* ProfileHeaderCollectionReusableView.swift */; };
		0AF1699A222E783200C1058B /* ImageCollectionViewCell.swift in Sources */ = {isa = PBXBuildFile; fileRef = 0AF16999222E783200C1058B /* ImageCollectionViewCell.swift */; };
		9F0E766902695A23BFDCB8DF /* Pods_NaturalistApp.framework in Frameworks */ = {isa = PBXBuildFile; fileRef = 4EFE921A4D01CA1E7FCDC7D1 /* Pods_NaturalistApp.framework */; };
/* End PBXBuildFile section */

/* Begin PBXContainerItemProxy section */
		0A977B78220E0B8C005D1DC2 /* PBXContainerItemProxy */ = {
			isa = PBXContainerItemProxy;
			containerPortal = 0A977B5B220E0B8B005D1DC2 /* Project object */;
			proxyType = 1;
			remoteGlobalIDString = 0A977B62220E0B8B005D1DC2;
			remoteInfo = NaturalistApp;
		};
		0A977B83220E0B8C005D1DC2 /* PBXContainerItemProxy */ = {
			isa = PBXContainerItemProxy;
			containerPortal = 0A977B5B220E0B8B005D1DC2 /* Project object */;
			proxyType = 1;
			remoteGlobalIDString = 0A977B62220E0B8B005D1DC2;
			remoteInfo = NaturalistApp;
		};
/* End PBXContainerItemProxy section */

/* Begin PBXFileReference section */
		0A0B00A4221FD999008E17D9 /* Geojson.swift */ = {isa = PBXFileReference; lastKnownFileType = sourcecode.swift; path = Geojson.swift; sourceTree = "<group>"; };
		0A0BE665223F72E9004E9AC4 /* TaxonWebContentView.swift */ = {isa = PBXFileReference; lastKnownFileType = sourcecode.swift; path = TaxonWebContentView.swift; sourceTree = "<group>"; };
		0A0BE667223F7304004E9AC4 /* TaxonWebContentView.xib */ = {isa = PBXFileReference; lastKnownFileType = file.xib; path = TaxonWebContentView.xib; sourceTree = "<group>"; };
		0A10102B223E408000EB42C3 /* ObservationDescription.xib */ = {isa = PBXFileReference; lastKnownFileType = file.xib; path = ObservationDescription.xib; sourceTree = "<group>"; };
		0A10102D223E40A500EB42C3 /* ObservationDescription.swift */ = {isa = PBXFileReference; lastKnownFileType = sourcecode.swift; path = ObservationDescription.swift; sourceTree = "<group>"; };
		0A101031223E6C2400EB42C3 /* KeyedDecodingContainerExtensions.swift */ = {isa = PBXFileReference; lastKnownFileType = sourcecode.swift; path = KeyedDecodingContainerExtensions.swift; sourceTree = "<group>"; };
		0A17F8F7223D562900B71E66 /* PhotoViewController.storyboard */ = {isa = PBXFileReference; fileEncoding = 4; lastKnownFileType = file.storyboard; path = PhotoViewController.storyboard; sourceTree = "<group>"; };
		0A17F8F8223D562900B71E66 /* PhotoViewController.swift */ = {isa = PBXFileReference; fileEncoding = 4; lastKnownFileType = sourcecode.swift; path = PhotoViewController.swift; sourceTree = "<group>"; };
		0A17F8F9223D562900B71E66 /* PhotoCollectionViewCell.swift */ = {isa = PBXFileReference; fileEncoding = 4; lastKnownFileType = sourcecode.swift; path = PhotoCollectionViewCell.swift; sourceTree = "<group>"; };
		0A1D41622243A0A500718651 /* FullScreenNavigationViewController.swift */ = {isa = PBXFileReference; fileEncoding = 4; lastKnownFileType = sourcecode.swift; path = FullScreenNavigationViewController.swift; sourceTree = "<group>"; };
		0A1D41642243A0B500718651 /* FullScreenViewController.swift */ = {isa = PBXFileReference; fileEncoding = 4; lastKnownFileType = sourcecode.swift; path = FullScreenViewController.swift; sourceTree = "<group>"; };
		0A21747A22255487007E4EFC /* UIImageExtensions.swift */ = {isa = PBXFileReference; lastKnownFileType = sourcecode.swift; path = UIImageExtensions.swift; sourceTree = "<group>"; };
		0A21747C222577CF007E4EFC /* IconicTaxonName.swift */ = {isa = PBXFileReference; lastKnownFileType = sourcecode.swift; path = IconicTaxonName.swift; sourceTree = "<group>"; };
		0A21747E22257828007E4EFC /* IconicTaxonName+Color.swift */ = {isa = PBXFileReference; lastKnownFileType = sourcecode.swift; path = "IconicTaxonName+Color.swift"; sourceTree = "<group>"; };
		0A2174802225821A007E4EFC /* UIColorExtensions.swift */ = {isa = PBXFileReference; lastKnownFileType = sourcecode.swift; path = UIColorExtensions.swift; sourceTree = "<group>"; };
		0A25DFA222367B1300DEB46E /* ObservationProfileView.xib */ = {isa = PBXFileReference; lastKnownFileType = file.xib; path = ObservationProfileView.xib; sourceTree = "<group>"; };
		0A25DFA4223685B800DEB46E /* ObservationPhotoView.xib */ = {isa = PBXFileReference; lastKnownFileType = file.xib; path = ObservationPhotoView.xib; sourceTree = "<group>"; };
		0A25DFA82236902F00DEB46E /* ObservationFaveView.xib */ = {isa = PBXFileReference; lastKnownFileType = file.xib; path = ObservationFaveView.xib; sourceTree = "<group>"; };
		0A3139E3221AB315009D87F0 /* MapViewController.swift */ = {isa = PBXFileReference; lastKnownFileType = sourcecode.swift; path = MapViewController.swift; sourceTree = "<group>"; };
		0A3139E5221ABCE9009D87F0 /* MKMapViewExtension.swift */ = {isa = PBXFileReference; fileEncoding = 4; lastKnownFileType = sourcecode.swift; path = MKMapViewExtension.swift; sourceTree = "<group>"; };
		0A33CA36221F1F1B00BDD802 /* PromiseKitExtensions.swift */ = {isa = PBXFileReference; lastKnownFileType = sourcecode.swift; path = PromiseKitExtensions.swift; sourceTree = "<group>"; };
		0A37F4EA2238316F0089FC09 /* ObservationDetailProtocol.swift */ = {isa = PBXFileReference; fileEncoding = 4; lastKnownFileType = sourcecode.swift; path = ObservationDetailProtocol.swift; sourceTree = "<group>"; };
		0A3885B6223D8FB4003A63E8 /* PhotoActivityIndicator.swift */ = {isa = PBXFileReference; fileEncoding = 4; lastKnownFileType = sourcecode.swift; path = PhotoActivityIndicator.swift; sourceTree = "<group>"; };
		0A3DA66F223EACFB002C8E89 /* MapBounds.swift */ = {isa = PBXFileReference; lastKnownFileType = sourcecode.swift; path = MapBounds.swift; sourceTree = "<group>"; };
		0A3DA672223EB7D4002C8E89 /* TaxonMapViewController.storyboard */ = {isa = PBXFileReference; fileEncoding = 4; lastKnownFileType = file.storyboard; path = TaxonMapViewController.storyboard; sourceTree = "<group>"; };
		0A3DA673223EB7D4002C8E89 /* TaxonMapViewController.swift */ = {isa = PBXFileReference; fileEncoding = 4; lastKnownFileType = sourcecode.swift; path = TaxonMapViewController.swift; sourceTree = "<group>"; };
		0A3DA676223EBE0A002C8E89 /* ObservationCoordinate.swift */ = {isa = PBXFileReference; lastKnownFileType = sourcecode.swift; path = ObservationCoordinate.swift; sourceTree = "<group>"; };
		0A3F664A2219B750002452B0 /* AuthorizeViewController.swift */ = {isa = PBXFileReference; fileEncoding = 4; lastKnownFileType = sourcecode.swift; path = AuthorizeViewController.swift; sourceTree = "<group>"; };
		0A451A802211B35400684AC4 /* FreeMethods.swift */ = {isa = PBXFileReference; lastKnownFileType = sourcecode.swift; path = FreeMethods.swift; sourceTree = "<group>"; };
		0A451A872211B5B000684AC4 /* Animations.swift */ = {isa = PBXFileReference; fileEncoding = 4; lastKnownFileType = sourcecode.swift; path = Animations.swift; sourceTree = "<group>"; };
		0A47A1DB222838A3005B4AEB /* Globals.swift */ = {isa = PBXFileReference; lastKnownFileType = sourcecode.swift; path = Globals.swift; sourceTree = "<group>"; };
		0A47A1DD22283B00005B4AEB /* UIViewControllerExtensions.swift */ = {isa = PBXFileReference; lastKnownFileType = sourcecode.swift; path = UIViewControllerExtensions.swift; sourceTree = "<group>"; };
		0A4D5D69223FDF8D00B2EB0E /* Observer.swift */ = {isa = PBXFileReference; lastKnownFileType = sourcecode.swift; path = Observer.swift; sourceTree = "<group>"; };
		0A5832322224118A0071DEE0 /* ObservationAnnotation.swift */ = {isa = PBXFileReference; lastKnownFileType = sourcecode.swift; path = ObservationAnnotation.swift; sourceTree = "<group>"; };
		0A5898212260E7980036AD6E /* SheetViewController.storyboard */ = {isa = PBXFileReference; fileEncoding = 4; lastKnownFileType = file.storyboard; path = SheetViewController.storyboard; sourceTree = "<group>"; };
		0A5898232260E7A60036AD6E /* SheetViewController.swift */ = {isa = PBXFileReference; fileEncoding = 4; lastKnownFileType = sourcecode.swift; path = SheetViewController.swift; sourceTree = "<group>"; };
		0A5898252260E7CB0036AD6E /* SheetPromise.swift */ = {isa = PBXFileReference; fileEncoding = 4; lastKnownFileType = sourcecode.swift; path = SheetPromise.swift; sourceTree = "<group>"; };
		0A5898292260E91E0036AD6E /* PickPhotoCollectionViewCell.swift */ = {isa = PBXFileReference; fileEncoding = 4; lastKnownFileType = sourcecode.swift; path = PickPhotoCollectionViewCell.swift; sourceTree = "<group>"; };
		0A58982B2260E91F0036AD6E /* PickPhotoController.storyboard */ = {isa = PBXFileReference; fileEncoding = 4; lastKnownFileType = file.storyboard; path = PickPhotoController.storyboard; sourceTree = "<group>"; };
		0A58982C2260E91F0036AD6E /* PickPhotoController.swift */ = {isa = PBXFileReference; fileEncoding = 4; lastKnownFileType = sourcecode.swift; path = PickPhotoController.swift; sourceTree = "<group>"; };
		0A58982D2260E91F0036AD6E /* ImagePickerPromise.swift */ = {isa = PBXFileReference; fileEncoding = 4; lastKnownFileType = sourcecode.swift; path = ImagePickerPromise.swift; sourceTree = "<group>"; };
		0A58982E2260E91F0036AD6E /* DataExtensions.swift */ = {isa = PBXFileReference; fileEncoding = 4; lastKnownFileType = sourcecode.swift; path = DataExtensions.swift; sourceTree = "<group>"; };
		0A58982F2260E91F0036AD6E /* PHImageManagerPromise.swift */ = {isa = PBXFileReference; fileEncoding = 4; lastKnownFileType = sourcecode.swift; path = PHImageManagerPromise.swift; sourceTree = "<group>"; };
		0A5898302260E91F0036AD6E /* CLLocationExtensions.swift */ = {isa = PBXFileReference; fileEncoding = 4; lastKnownFileType = sourcecode.swift; path = CLLocationExtensions.swift; sourceTree = "<group>"; };
		0A5898312260E91F0036AD6E /* PhotoLibraryPromise.swift */ = {isa = PBXFileReference; fileEncoding = 4; lastKnownFileType = sourcecode.swift; path = PhotoLibraryPromise.swift; sourceTree = "<group>"; };
		0A5F60B52227FF4600EABDAF /* UITableViewExtensions.swift */ = {isa = PBXFileReference; lastKnownFileType = sourcecode.swift; path = UITableViewExtensions.swift; sourceTree = "<group>"; };
		0A62579E222DB78800812C5D /* UIViewExtensions.swift */ = {isa = PBXFileReference; fileEncoding = 4; lastKnownFileType = sourcecode.swift; path = UIViewExtensions.swift; sourceTree = "<group>"; };
		0A6624DF22660E5C00EB2747 /* UITextViewPlaceholder.swift */ = {isa = PBXFileReference; fileEncoding = 4; lastKnownFileType = sourcecode.swift; path = UITextViewPlaceholder.swift; sourceTree = "<group>"; };
		0A7788A12264F3CD00A471F1 /* AddObservationTableViewController.swift */ = {isa = PBXFileReference; lastKnownFileType = sourcecode.swift; path = AddObservationTableViewController.swift; sourceTree = "<group>"; };
		0A87BB4C2227419100150BE9 /* ObservationDetailsViewController.swift */ = {isa = PBXFileReference; lastKnownFileType = sourcecode.swift; path = ObservationDetailsViewController.swift; sourceTree = "<group>"; };
		0A87BB4E2227441300150BE9 /* ObservationProfileView.swift */ = {isa = PBXFileReference; lastKnownFileType = sourcecode.swift; path = ObservationProfileView.swift; sourceTree = "<group>"; };
		0A87BB502227461800150BE9 /* ObservationPhotoView.swift */ = {isa = PBXFileReference; lastKnownFileType = sourcecode.swift; path = ObservationPhotoView.swift; sourceTree = "<group>"; };
		0A87BB522227470B00150BE9 /* ObservationTaxaView.swift */ = {isa = PBXFileReference; lastKnownFileType = sourcecode.swift; path = ObservationTaxaView.swift; sourceTree = "<group>"; };
		0A87BB5422274A5F00150BE9 /* ObservationFaveView.swift */ = {isa = PBXFileReference; lastKnownFileType = sourcecode.swift; path = ObservationFaveView.swift; sourceTree = "<group>"; };
		0A89205922364D2D00900224 /* NibInstantiable.swift */ = {isa = PBXFileReference; fileEncoding = 4; lastKnownFileType = sourcecode.swift; path = NibInstantiable.swift; sourceTree = "<group>"; };
		0A89205C22364D6E00900224 /* StackViewController.swift */ = {isa = PBXFileReference; fileEncoding = 4; lastKnownFileType = sourcecode.swift; path = StackViewController.swift; sourceTree = "<group>"; };
		0A89205E22364E2100900224 /* NSLayoutConstraintExtensions.swift */ = {isa = PBXFileReference; lastKnownFileType = sourcecode.swift; path = NSLayoutConstraintExtensions.swift; sourceTree = "<group>"; };
		0A93539822207E700067E197 /* CLLocationCoordinate2DExtensions.swift */ = {isa = PBXFileReference; lastKnownFileType = sourcecode.swift; path = CLLocationCoordinate2DExtensions.swift; sourceTree = "<group>"; };
		0A977B63220E0B8B005D1DC2 /* NaturalistApp.app */ = {isa = PBXFileReference; explicitFileType = wrapper.application; includeInIndex = 0; path = NaturalistApp.app; sourceTree = BUILT_PRODUCTS_DIR; };
		0A977B66220E0B8B005D1DC2 /* AppDelegate.swift */ = {isa = PBXFileReference; lastKnownFileType = sourcecode.swift; path = AppDelegate.swift; sourceTree = "<group>"; };
		0A977B6B220E0B8B005D1DC2 /* Base */ = {isa = PBXFileReference; lastKnownFileType = file.storyboard; name = Base; path = Base.lproj/Main.storyboard; sourceTree = "<group>"; };
		0A977B6D220E0B8C005D1DC2 /* Assets.xcassets */ = {isa = PBXFileReference; lastKnownFileType = folder.assetcatalog; path = Assets.xcassets; sourceTree = "<group>"; };
		0A977B70220E0B8C005D1DC2 /* Base */ = {isa = PBXFileReference; lastKnownFileType = file.storyboard; name = Base; path = Base.lproj/LaunchScreen.storyboard; sourceTree = "<group>"; };
		0A977B72220E0B8C005D1DC2 /* Info.plist */ = {isa = PBXFileReference; lastKnownFileType = text.plist.xml; path = Info.plist; sourceTree = "<group>"; };
		0A977B77220E0B8C005D1DC2 /* NaturalistAppTests.xctest */ = {isa = PBXFileReference; explicitFileType = wrapper.cfbundle; includeInIndex = 0; path = NaturalistAppTests.xctest; sourceTree = BUILT_PRODUCTS_DIR; };
		0A977B7B220E0B8C005D1DC2 /* NaturalistAppTests.swift */ = {isa = PBXFileReference; lastKnownFileType = sourcecode.swift; path = NaturalistAppTests.swift; sourceTree = "<group>"; };
		0A977B7D220E0B8C005D1DC2 /* Info.plist */ = {isa = PBXFileReference; lastKnownFileType = text.plist.xml; path = Info.plist; sourceTree = "<group>"; };
		0A977B82220E0B8C005D1DC2 /* NaturalistAppUITests.xctest */ = {isa = PBXFileReference; explicitFileType = wrapper.cfbundle; includeInIndex = 0; path = NaturalistAppUITests.xctest; sourceTree = BUILT_PRODUCTS_DIR; };
		0A977B86220E0B8C005D1DC2 /* NaturalistAppUITests.swift */ = {isa = PBXFileReference; lastKnownFileType = sourcecode.swift; path = NaturalistAppUITests.swift; sourceTree = "<group>"; };
		0A977B88220E0B8C005D1DC2 /* Info.plist */ = {isa = PBXFileReference; lastKnownFileType = text.plist.xml; path = Info.plist; sourceTree = "<group>"; };
		0A9F8C832219516200C299C8 /* Content.swift */ = {isa = PBXFileReference; lastKnownFileType = sourcecode.swift; path = Content.swift; sourceTree = "<group>"; };
		0A9F8C852219615C00C299C8 /* PagedResults.swift */ = {isa = PBXFileReference; lastKnownFileType = sourcecode.swift; path = PagedResults.swift; sourceTree = "<group>"; };
		0A9F8C87221961B200C299C8 /* NatProvider.swift */ = {isa = PBXFileReference; lastKnownFileType = sourcecode.swift; path = NatProvider.swift; sourceTree = "<group>"; };
		0A9F8C89221969E600C299C8 /* NatNetworkError.swift */ = {isa = PBXFileReference; lastKnownFileType = sourcecode.swift; path = NatNetworkError.swift; sourceTree = "<group>"; };
		0A9F8C8B22198F7800C299C8 /* AccessToken.swift */ = {isa = PBXFileReference; lastKnownFileType = sourcecode.swift; path = AccessToken.swift; sourceTree = "<group>"; };
		0A9F8C8D2219905500C299C8 /* JWTToken.swift */ = {isa = PBXFileReference; lastKnownFileType = sourcecode.swift; path = JWTToken.swift; sourceTree = "<group>"; };
		0AA22B14223FA8DD00F1A52B /* WebViewController.swift */ = {isa = PBXFileReference; lastKnownFileType = sourcecode.swift; path = WebViewController.swift; sourceTree = "<group>"; };
		0AA3982D223F7F2900AF2A62 /* TaxonMapheaderView.swift */ = {isa = PBXFileReference; lastKnownFileType = sourcecode.swift; path = TaxonMapheaderView.swift; sourceTree = "<group>"; };
		0AA3982F223F7F6400AF2A62 /* TaxonMapheaderView.xib */ = {isa = PBXFileReference; lastKnownFileType = file.xib; path = TaxonMapheaderView.xib; sourceTree = "<group>"; };
		0AA5CDAE222044CD000A80BE /* SLocation.swift */ = {isa = PBXFileReference; lastKnownFileType = sourcecode.swift; path = SLocation.swift; sourceTree = "<group>"; };
		0AA74C4A223137E700B824E8 /* NatTabBarController.swift */ = {isa = PBXFileReference; lastKnownFileType = sourcecode.swift; path = NatTabBarController.swift; sourceTree = "<group>"; };
		0AA8DB45222900C0003999B7 /* UIStoryboardExtensions.swift */ = {isa = PBXFileReference; lastKnownFileType = sourcecode.swift; path = UIStoryboardExtensions.swift; sourceTree = "<group>"; };
		0AA9F1792221CB43008A67D5 /* MKMapRectExtensions.swift */ = {isa = PBXFileReference; lastKnownFileType = sourcecode.swift; path = MKMapRectExtensions.swift; sourceTree = "<group>"; };
		0AB65034223ED97500B65768 /* TaxonDetailViewController.swift */ = {isa = PBXFileReference; lastKnownFileType = sourcecode.swift; path = TaxonDetailViewController.swift; sourceTree = "<group>"; };
		0ABA9C5E22101D9E0099F774 /* User.swift */ = {isa = PBXFileReference; lastKnownFileType = sourcecode.swift; path = User.swift; sourceTree = "<group>"; };
		0ABA9C60221024A10099F774 /* Observation.swift */ = {isa = PBXFileReference; lastKnownFileType = sourcecode.swift; path = Observation.swift; sourceTree = "<group>"; };
		0ABA9C62221029BD0099F774 /* LicenseCode.swift */ = {isa = PBXFileReference; lastKnownFileType = sourcecode.swift; path = LicenseCode.swift; sourceTree = "<group>"; };
		0ABA9C64221029EE0099F774 /* Photo.swift */ = {isa = PBXFileReference; lastKnownFileType = sourcecode.swift; path = Photo.swift; sourceTree = "<group>"; };
		0ABA9C6622102B210099F774 /* Taxon.swift */ = {isa = PBXFileReference; lastKnownFileType = sourcecode.swift; path = Taxon.swift; sourceTree = "<group>"; };
		0ABA9C6822103BDD0099F774 /* Comment.swift */ = {isa = PBXFileReference; lastKnownFileType = sourcecode.swift; path = Comment.swift; sourceTree = "<group>"; };
		0ABA9C6A2210498A0099F774 /* Fave.swift */ = {isa = PBXFileReference; lastKnownFileType = sourcecode.swift; path = Fave.swift; sourceTree = "<group>"; };
		0ABA9C6D22105FAB0099F774 /* NatAPI.swift */ = {isa = PBXFileReference; lastKnownFileType = sourcecode.swift; path = NatAPI.swift; sourceTree = "<group>"; };
		0ABA9C7022109EA60099F774 /* DefaultCaseRepresentable.swift */ = {isa = PBXFileReference; lastKnownFileType = sourcecode.swift; path = DefaultCaseRepresentable.swift; sourceTree = "<group>"; };
		0ABA9C732210A3C80099F774 /* KeychainService.swift */ = {isa = PBXFileReference; lastKnownFileType = sourcecode.swift; path = KeychainService.swift; sourceTree = "<group>"; };
		0ABA9C752210A4790099F774 /* APIKeys.swift */ = {isa = PBXFileReference; fileEncoding = 4; lastKnownFileType = sourcecode.swift; path = APIKeys.swift; sourceTree = "<group>"; };
		0AD2C6E4222D2C4A003ECFD6 /* StoryboardInstantiable.swift */ = {isa = PBXFileReference; lastKnownFileType = sourcecode.swift; path = StoryboardInstantiable.swift; sourceTree = "<group>"; };
		0AD2C6E6222D2C86003ECFD6 /* BasicViewController.swift */ = {isa = PBXFileReference; lastKnownFileType = sourcecode.swift; path = BasicViewController.swift; sourceTree = "<group>"; };
		0AD6037922624B340099B90F /* AddObservationViewController.swift */ = {isa = PBXFileReference; lastKnownFileType = sourcecode.swift; path = AddObservationViewController.swift; sourceTree = "<group>"; };
		0AD653E822401315007F315B /* LeadersTableViewController.swift */ = {isa = PBXFileReference; fileEncoding = 4; lastKnownFileType = sourcecode.swift; path = LeadersTableViewController.swift; sourceTree = "<group>"; };
		0AD653EA2240134D007F315B /* LeadersTableViewCell.swift */ = {isa = PBXFileReference; lastKnownFileType = sourcecode.swift; path = LeadersTableViewCell.swift; sourceTree = "<group>"; };
		0AD653ED2240290C007F315B /* IndicateStateProtocol.swift */ = {isa = PBXFileReference; fileEncoding = 4; lastKnownFileType = sourcecode.swift; path = IndicateStateProtocol.swift; sourceTree = "<group>"; };
		0AD653EF2240291B007F315B /* IndicateState.swift */ = {isa = PBXFileReference; fileEncoding = 4; lastKnownFileType = sourcecode.swift; path = IndicateState.swift; sourceTree = "<group>"; };
		0AD81CBD223A7D8E003082BC /* ActivityProfileTableViewCell.swift */ = {isa = PBXFileReference; fileEncoding = 4; lastKnownFileType = sourcecode.swift; path = ActivityProfileTableViewCell.swift; sourceTree = "<group>"; };
		0AD81CBF223A7D8F003082BC /* DateExtensions.swift */ = {isa = PBXFileReference; fileEncoding = 4; lastKnownFileType = sourcecode.swift; path = DateExtensions.swift; sourceTree = "<group>"; };
		0AD81CC0223A7D8F003082BC /* ActivityCommentTableViewCell.swift */ = {isa = PBXFileReference; fileEncoding = 4; lastKnownFileType = sourcecode.swift; path = ActivityCommentTableViewCell.swift; sourceTree = "<group>"; };
		0AD81CC2223A7D8F003082BC /* ActivityViewController.storyboard */ = {isa = PBXFileReference; fileEncoding = 4; lastKnownFileType = file.storyboard; path = ActivityViewController.storyboard; sourceTree = "<group>"; };
		0AD81CC3223A7D8F003082BC /* ObservationTaxaView.xib */ = {isa = PBXFileReference; fileEncoding = 4; lastKnownFileType = file.xib; path = ObservationTaxaView.xib; sourceTree = "<group>"; };
		0AD81CC4223A7D8F003082BC /* ActivityTaxaTableViewCell.swift */ = {isa = PBXFileReference; fileEncoding = 4; lastKnownFileType = sourcecode.swift; path = ActivityTaxaTableViewCell.swift; sourceTree = "<group>"; };
		0AD81CC7223A7D90003082BC /* ActivityViewController.swift */ = {isa = PBXFileReference; fileEncoding = 4; lastKnownFileType = sourcecode.swift; path = ActivityViewController.swift; sourceTree = "<group>"; };
		0AD81CD3223A7F9C003082BC /* Identification.swift */ = {isa = PBXFileReference; fileEncoding = 4; lastKnownFileType = sourcecode.swift; path = Identification.swift; sourceTree = "<group>"; };
		0ADC99A922292FD400034F49 /* TaxonPhoto.swift */ = {isa = PBXFileReference; lastKnownFileType = sourcecode.swift; path = TaxonPhoto.swift; sourceTree = "<group>"; };
		0ADF8A47222FCC3A0047AC25 /* StringExtensions.swift */ = {isa = PBXFileReference; lastKnownFileType = sourcecode.swift; path = StringExtensions.swift; sourceTree = "<group>"; };
		0ADF8A49222FD6F80047AC25 /* UICollectionViewExtensions.swift */ = {isa = PBXFileReference; lastKnownFileType = sourcecode.swift; path = UICollectionViewExtensions.swift; sourceTree = "<group>"; };
		0AF16995222E75CE00C1058B /* ProfileCollectionViewController.swift */ = {isa = PBXFileReference; lastKnownFileType = sourcecode.swift; path = ProfileCollectionViewController.swift; sourceTree = "<group>"; };
		0AF16997222E76BD00C1058B /* ProfileHeaderCollectionReusableView.swift */ = {isa = PBXFileReference; lastKnownFileType = sourcecode.swift; path = ProfileHeaderCollectionReusableView.swift; sourceTree = "<group>"; };
		0AF16999222E783200C1058B /* ImageCollectionViewCell.swift */ = {isa = PBXFileReference; lastKnownFileType = sourcecode.swift; path = ImageCollectionViewCell.swift; sourceTree = "<group>"; };
		4EFE921A4D01CA1E7FCDC7D1 /* Pods_NaturalistApp.framework */ = {isa = PBXFileReference; explicitFileType = wrapper.framework; includeInIndex = 0; path = Pods_NaturalistApp.framework; sourceTree = BUILT_PRODUCTS_DIR; };
		55C0C7C3EA1EB43D5D54BFE4 /* Pods-NaturalistApp.debug.xcconfig */ = {isa = PBXFileReference; includeInIndex = 1; lastKnownFileType = text.xcconfig; name = "Pods-NaturalistApp.debug.xcconfig"; path = "Pods/Target Support Files/Pods-NaturalistApp/Pods-NaturalistApp.debug.xcconfig"; sourceTree = "<group>"; };
		9CCC4157664A04B95EE95B14 /* Pods-NaturalistApp.release.xcconfig */ = {isa = PBXFileReference; includeInIndex = 1; lastKnownFileType = text.xcconfig; name = "Pods-NaturalistApp.release.xcconfig"; path = "Pods/Target Support Files/Pods-NaturalistApp/Pods-NaturalistApp.release.xcconfig"; sourceTree = "<group>"; };
/* End PBXFileReference section */

/* Begin PBXFrameworksBuildPhase section */
		0A977B60220E0B8B005D1DC2 /* Frameworks */ = {
			isa = PBXFrameworksBuildPhase;
			buildActionMask = 2147483647;
			files = (
				9F0E766902695A23BFDCB8DF /* Pods_NaturalistApp.framework in Frameworks */,
			);
			runOnlyForDeploymentPostprocessing = 0;
		};
		0A977B74220E0B8C005D1DC2 /* Frameworks */ = {
			isa = PBXFrameworksBuildPhase;
			buildActionMask = 2147483647;
			files = (
			);
			runOnlyForDeploymentPostprocessing = 0;
		};
		0A977B7F220E0B8C005D1DC2 /* Frameworks */ = {
			isa = PBXFrameworksBuildPhase;
			buildActionMask = 2147483647;
			files = (
			);
			runOnlyForDeploymentPostprocessing = 0;
		};
/* End PBXFrameworksBuildPhase section */

/* Begin PBXGroup section */
		0A25DFB62236C00900DEB46E /* PhotoViewController */ = {
			isa = PBXGroup;
			children = (
				0A17F8F8223D562900B71E66 /* PhotoViewController.swift */,
				0A17F8F9223D562900B71E66 /* PhotoCollectionViewCell.swift */,
				0A3885B6223D8FB4003A63E8 /* PhotoActivityIndicator.swift */,
				0A1D41622243A0A500718651 /* FullScreenNavigationViewController.swift */,
				0A1D41642243A0B500718651 /* FullScreenViewController.swift */,
				0A17F8F7223D562900B71E66 /* PhotoViewController.storyboard */,
			);
			path = PhotoViewController;
			sourceTree = "<group>";
		};
		0A3DA671223EB7D4002C8E89 /* TaxonMapViewController */ = {
			isa = PBXGroup;
			children = (
				0A3DA672223EB7D4002C8E89 /* TaxonMapViewController.storyboard */,
				0A3DA673223EB7D4002C8E89 /* TaxonMapViewController.swift */,
			);
			path = TaxonMapViewController;
			sourceTree = "<group>";
		};
		0A451A842211B4EC00684AC4 /* Controllers */ = {
			isa = PBXGroup;
			children = (
				0A58983C2260EE4F0036AD6E /* AddObservationController */,
				0A5898272260E8FD0036AD6E /* PickPhotoController */,
				0A5898202260E7840036AD6E /* SheetViewController */,
				0AB65033223ED92B00B65768 /* TaxonDetails */,
				0AD81CBC223A7D62003082BC /* ActivityViewController */,
				0A25DFB62236C00900DEB46E /* PhotoViewController */,
				0A89205B22364D4F00900224 /* Common */,
				0AF16994222E75A500C1058B /* Profile */,
				0A87BB4B2227415200150BE9 /* ObservationDetails */,
				0A3DA671223EB7D4002C8E89 /* TaxonMapViewController */,
				0AD653EC22401366007F315B /* LeadersTableViewController */,
				0A3F664A2219B750002452B0 /* AuthorizeViewController.swift */,
				0A3139E3221AB315009D87F0 /* MapViewController.swift */,
				0AF16999222E783200C1058B /* ImageCollectionViewCell.swift */,
				0AA74C4A223137E700B824E8 /* NatTabBarController.swift */,
				0AA22B14223FA8DD00F1A52B /* WebViewController.swift */,
			);
			path = Controllers;
			sourceTree = "<group>";
		};
		0A5898202260E7840036AD6E /* SheetViewController */ = {
			isa = PBXGroup;
			children = (
				0A5898252260E7CB0036AD6E /* SheetPromise.swift */,
				0A5898232260E7A60036AD6E /* SheetViewController.swift */,
				0A5898212260E7980036AD6E /* SheetViewController.storyboard */,
			);
			path = SheetViewController;
			sourceTree = "<group>";
		};
		0A5898272260E8FD0036AD6E /* PickPhotoController */ = {
			isa = PBXGroup;
			children = (
				0A58982D2260E91F0036AD6E /* ImagePickerPromise.swift */,
				0A58982F2260E91F0036AD6E /* PHImageManagerPromise.swift */,
				0A5898312260E91F0036AD6E /* PhotoLibraryPromise.swift */,
				0A5898292260E91E0036AD6E /* PickPhotoCollectionViewCell.swift */,
				0A58982B2260E91F0036AD6E /* PickPhotoController.storyboard */,
				0A58982C2260E91F0036AD6E /* PickPhotoController.swift */,
			);
			path = PickPhotoController;
			sourceTree = "<group>";
		};
		0A58983C2260EE4F0036AD6E /* AddObservationController */ = {
			isa = PBXGroup;
			children = (
				0AD6037922624B340099B90F /* AddObservationViewController.swift */,
				0A7788A12264F3CD00A471F1 /* AddObservationTableViewController.swift */,
			);
			path = AddObservationController;
			sourceTree = "<group>";
		};
		0A6624DE22660E2D00EB2747 /* Third Party */ = {
			isa = PBXGroup;
			children = (
				0A6624DF22660E5C00EB2747 /* UITextViewPlaceholder.swift */,
			);
			path = "Third Party";
			sourceTree = "<group>";
		};
		0A87BB4B2227415200150BE9 /* ObservationDetails */ = {
			isa = PBXGroup;
			children = (
				0A37F4EA2238316F0089FC09 /* ObservationDetailProtocol.swift */,
				0A87BB4C2227419100150BE9 /* ObservationDetailsViewController.swift */,
				0A87BB4E2227441300150BE9 /* ObservationProfileView.swift */,
				0A87BB502227461800150BE9 /* ObservationPhotoView.swift */,
				0A87BB522227470B00150BE9 /* ObservationTaxaView.swift */,
				0A10102D223E40A500EB42C3 /* ObservationDescription.swift */,
				0A10102B223E408000EB42C3 /* ObservationDescription.xib */,
				0A87BB5422274A5F00150BE9 /* ObservationFaveView.swift */,
				0A25DFA222367B1300DEB46E /* ObservationProfileView.xib */,
				0A25DFA4223685B800DEB46E /* ObservationPhotoView.xib */,
				0AD81CC3223A7D8F003082BC /* ObservationTaxaView.xib */,
				0A25DFA82236902F00DEB46E /* ObservationFaveView.xib */,
			);
			path = ObservationDetails;
			sourceTree = "<group>";
		};
		0A89205822364CED00900224 /* Protocols */ = {
			isa = PBXGroup;
			children = (
				0ABA9C7022109EA60099F774 /* DefaultCaseRepresentable.swift */,
				0AD2C6E4222D2C4A003ECFD6 /* StoryboardInstantiable.swift */,
				0A89205922364D2D00900224 /* NibInstantiable.swift */,
				0AD653ED2240290C007F315B /* IndicateStateProtocol.swift */,
				0AD653EF2240291B007F315B /* IndicateState.swift */,
			);
			path = Protocols;
			sourceTree = "<group>";
		};
		0A89205B22364D4F00900224 /* Common */ = {
			isa = PBXGroup;
			children = (
				0AD2C6E6222D2C86003ECFD6 /* BasicViewController.swift */,
				0A89205C22364D6E00900224 /* StackViewController.swift */,
			);
			path = Common;
			sourceTree = "<group>";
		};
		0A977B5A220E0B8B005D1DC2 = {
			isa = PBXGroup;
			children = (
				0A977B65220E0B8B005D1DC2 /* NaturalistApp */,
				0A977B7A220E0B8C005D1DC2 /* NaturalistAppTests */,
				0A977B85220E0B8C005D1DC2 /* NaturalistAppUITests */,
				0A977B64220E0B8B005D1DC2 /* Products */,
				3905F3500FDDE72FCFB26D1D /* Pods */,
				F28E094C664F69A0BD0417F8 /* Frameworks */,
			);
			sourceTree = "<group>";
		};
		0A977B64220E0B8B005D1DC2 /* Products */ = {
			isa = PBXGroup;
			children = (
				0A977B63220E0B8B005D1DC2 /* NaturalistApp.app */,
				0A977B77220E0B8C005D1DC2 /* NaturalistAppTests.xctest */,
				0A977B82220E0B8C005D1DC2 /* NaturalistAppUITests.xctest */,
			);
			name = Products;
			sourceTree = "<group>";
		};
		0A977B65220E0B8B005D1DC2 /* NaturalistApp */ = {
			isa = PBXGroup;
			children = (
				0A89205822364CED00900224 /* Protocols */,
				0A451A842211B4EC00684AC4 /* Controllers */,
				0ABA9C6F22109E920099F774 /* Extensions */,
				0ABA9C6C22105F8F0099F774 /* Network */,
				0ABA9C5D22101CE40099F774 /* Model */,
				0ABA9C722210A30C0099F774 /* Services */,
				0A6624DE22660E2D00EB2747 /* Third Party */,
				0A977B66220E0B8B005D1DC2 /* AppDelegate.swift */,
				0A451A802211B35400684AC4 /* FreeMethods.swift */,
				0A977B6A220E0B8B005D1DC2 /* Main.storyboard */,
				0A977B6F220E0B8C005D1DC2 /* LaunchScreen.storyboard */,
				0A977B6D220E0B8C005D1DC2 /* Assets.xcassets */,
				0A977B72220E0B8C005D1DC2 /* Info.plist */,
			);
			path = NaturalistApp;
			sourceTree = "<group>";
		};
		0A977B7A220E0B8C005D1DC2 /* NaturalistAppTests */ = {
			isa = PBXGroup;
			children = (
				0A977B7B220E0B8C005D1DC2 /* NaturalistAppTests.swift */,
				0A977B7D220E0B8C005D1DC2 /* Info.plist */,
			);
			path = NaturalistAppTests;
			sourceTree = "<group>";
		};
		0A977B85220E0B8C005D1DC2 /* NaturalistAppUITests */ = {
			isa = PBXGroup;
			children = (
				0A977B86220E0B8C005D1DC2 /* NaturalistAppUITests.swift */,
				0A977B88220E0B8C005D1DC2 /* Info.plist */,
			);
			path = NaturalistAppUITests;
			sourceTree = "<group>";
		};
		0AB65033223ED92B00B65768 /* TaxonDetails */ = {
			isa = PBXGroup;
			children = (
				0AB65034223ED97500B65768 /* TaxonDetailViewController.swift */,
				0AA3982D223F7F2900AF2A62 /* TaxonMapheaderView.swift */,
				0AA3982F223F7F6400AF2A62 /* TaxonMapheaderView.xib */,
				0A0BE665223F72E9004E9AC4 /* TaxonWebContentView.swift */,
				0A0BE667223F7304004E9AC4 /* TaxonWebContentView.xib */,
			);
			path = TaxonDetails;
			sourceTree = "<group>";
		};
		0ABA9C5D22101CE40099F774 /* Model */ = {
			isa = PBXGroup;
			children = (
				0A9F8C8B22198F7800C299C8 /* AccessToken.swift */,
				0ABA9C6822103BDD0099F774 /* Comment.swift */,
				0A9F8C832219516200C299C8 /* Content.swift */,
				0ABA9C6A2210498A0099F774 /* Fave.swift */,
				0A0B00A4221FD999008E17D9 /* Geojson.swift */,
				0A21747C222577CF007E4EFC /* IconicTaxonName.swift */,
				0A21747E22257828007E4EFC /* IconicTaxonName+Color.swift */,
				0AD81CD3223A7F9C003082BC /* Identification.swift */,
				0A9F8C8D2219905500C299C8 /* JWTToken.swift */,
				0ABA9C62221029BD0099F774 /* LicenseCode.swift */,
				0A3DA66F223EACFB002C8E89 /* MapBounds.swift */,
				0ABA9C60221024A10099F774 /* Observation.swift */,
				0A5832322224118A0071DEE0 /* ObservationAnnotation.swift */,
				0A3DA676223EBE0A002C8E89 /* ObservationCoordinate.swift */,
				0A9F8C852219615C00C299C8 /* PagedResults.swift */,
				0ABA9C64221029EE0099F774 /* Photo.swift */,
				0AA5CDAE222044CD000A80BE /* SLocation.swift */,
				0ABA9C6622102B210099F774 /* Taxon.swift */,
				0ADC99A922292FD400034F49 /* TaxonPhoto.swift */,
				0ABA9C5E22101D9E0099F774 /* User.swift */,
				0A4D5D69223FDF8D00B2EB0E /* Observer.swift */,
			);
			path = Model;
			sourceTree = "<group>";
		};
		0ABA9C6C22105F8F0099F774 /* Network */ = {
			isa = PBXGroup;
			children = (
				0ABA9C6D22105FAB0099F774 /* NatAPI.swift */,
				0A9F8C87221961B200C299C8 /* NatProvider.swift */,
				0A9F8C89221969E600C299C8 /* NatNetworkError.swift */,
			);
			path = Network;
			sourceTree = "<group>";
		};
		0ABA9C6F22109E920099F774 /* Extensions */ = {
			isa = PBXGroup;
			children = (
				0A5898302260E91F0036AD6E /* CLLocationExtensions.swift */,
				0A93539822207E700067E197 /* CLLocationCoordinate2DExtensions.swift */,
				0A58982E2260E91F0036AD6E /* DataExtensions.swift */,
				0AD81CBF223A7D8F003082BC /* DateExtensions.swift */,
				0AA9F1792221CB43008A67D5 /* MKMapRectExtensions.swift */,
				0A3139E5221ABCE9009D87F0 /* MKMapViewExtension.swift */,
				0A89205E22364E2100900224 /* NSLayoutConstraintExtensions.swift */,
				0A33CA36221F1F1B00BDD802 /* PromiseKitExtensions.swift */,
				0ADF8A47222FCC3A0047AC25 /* StringExtensions.swift */,
				0ADF8A49222FD6F80047AC25 /* UICollectionViewExtensions.swift */,
				0A2174802225821A007E4EFC /* UIColorExtensions.swift */,
				0A21747A22255487007E4EFC /* UIImageExtensions.swift */,
				0AA8DB45222900C0003999B7 /* UIStoryboardExtensions.swift */,
				0A5F60B52227FF4600EABDAF /* UITableViewExtensions.swift */,
				0A47A1DD22283B00005B4AEB /* UIViewControllerExtensions.swift */,
				0A62579E222DB78800812C5D /* UIViewExtensions.swift */,
				0A101031223E6C2400EB42C3 /* KeyedDecodingContainerExtensions.swift */,
			);
			path = Extensions;
			sourceTree = "<group>";
		};
		0ABA9C722210A30C0099F774 /* Services */ = {
			isa = PBXGroup;
			children = (
				0A451A872211B5B000684AC4 /* Animations.swift */,
				0ABA9C732210A3C80099F774 /* KeychainService.swift */,
				0ABA9C752210A4790099F774 /* APIKeys.swift */,
				0A47A1DB222838A3005B4AEB /* Globals.swift */,
			);
			path = Services;
			sourceTree = "<group>";
		};
		0AD653EC22401366007F315B /* LeadersTableViewController */ = {
			isa = PBXGroup;
			children = (
				0AD653E822401315007F315B /* LeadersTableViewController.swift */,
				0AD653EA2240134D007F315B /* LeadersTableViewCell.swift */,
			);
			path = LeadersTableViewController;
			sourceTree = "<group>";
		};
		0AD81CBC223A7D62003082BC /* ActivityViewController */ = {
			isa = PBXGroup;
			children = (
				0AD81CC7223A7D90003082BC /* ActivityViewController.swift */,
				0AD81CC0223A7D8F003082BC /* ActivityCommentTableViewCell.swift */,
				0AD81CBD223A7D8E003082BC /* ActivityProfileTableViewCell.swift */,
				0AD81CC4223A7D8F003082BC /* ActivityTaxaTableViewCell.swift */,
				0AD81CC2223A7D8F003082BC /* ActivityViewController.storyboard */,
			);
			path = ActivityViewController;
			sourceTree = "<group>";
		};
		0AF16994222E75A500C1058B /* Profile */ = {
			isa = PBXGroup;
			children = (
				0AF16995222E75CE00C1058B /* ProfileCollectionViewController.swift */,
				0AF16997222E76BD00C1058B /* ProfileHeaderCollectionReusableView.swift */,
			);
			path = Profile;
			sourceTree = "<group>";
		};
		3905F3500FDDE72FCFB26D1D /* Pods */ = {
			isa = PBXGroup;
			children = (
				55C0C7C3EA1EB43D5D54BFE4 /* Pods-NaturalistApp.debug.xcconfig */,
				9CCC4157664A04B95EE95B14 /* Pods-NaturalistApp.release.xcconfig */,
			);
			name = Pods;
			sourceTree = "<group>";
		};
		F28E094C664F69A0BD0417F8 /* Frameworks */ = {
			isa = PBXGroup;
			children = (
				4EFE921A4D01CA1E7FCDC7D1 /* Pods_NaturalistApp.framework */,
			);
			name = Frameworks;
			sourceTree = "<group>";
		};
/* End PBXGroup section */

/* Begin PBXNativeTarget section */
		0A977B62220E0B8B005D1DC2 /* NaturalistApp */ = {
			isa = PBXNativeTarget;
			buildConfigurationList = 0A977B8B220E0B8C005D1DC2 /* Build configuration list for PBXNativeTarget "NaturalistApp" */;
			buildPhases = (
				2C1B792DF7F2B3E5D2FBF943 /* [CP] Check Pods Manifest.lock */,
				0A977B5F220E0B8B005D1DC2 /* Sources */,
				0A977B60220E0B8B005D1DC2 /* Frameworks */,
				0A977B61220E0B8B005D1DC2 /* Resources */,
				4E97586F207D36C8C1E88F66 /* [CP] Embed Pods Frameworks */,
			);
			buildRules = (
			);
			dependencies = (
			);
			name = NaturalistApp;
			productName = NaturalistApp;
			productReference = 0A977B63220E0B8B005D1DC2 /* NaturalistApp.app */;
			productType = "com.apple.product-type.application";
		};
		0A977B76220E0B8C005D1DC2 /* NaturalistAppTests */ = {
			isa = PBXNativeTarget;
			buildConfigurationList = 0A977B8E220E0B8C005D1DC2 /* Build configuration list for PBXNativeTarget "NaturalistAppTests" */;
			buildPhases = (
				0A977B73220E0B8C005D1DC2 /* Sources */,
				0A977B74220E0B8C005D1DC2 /* Frameworks */,
				0A977B75220E0B8C005D1DC2 /* Resources */,
			);
			buildRules = (
			);
			dependencies = (
				0A977B79220E0B8C005D1DC2 /* PBXTargetDependency */,
			);
			name = NaturalistAppTests;
			productName = NaturalistAppTests;
			productReference = 0A977B77220E0B8C005D1DC2 /* NaturalistAppTests.xctest */;
			productType = "com.apple.product-type.bundle.unit-test";
		};
		0A977B81220E0B8C005D1DC2 /* NaturalistAppUITests */ = {
			isa = PBXNativeTarget;
			buildConfigurationList = 0A977B91220E0B8C005D1DC2 /* Build configuration list for PBXNativeTarget "NaturalistAppUITests" */;
			buildPhases = (
				0A977B7E220E0B8C005D1DC2 /* Sources */,
				0A977B7F220E0B8C005D1DC2 /* Frameworks */,
				0A977B80220E0B8C005D1DC2 /* Resources */,
			);
			buildRules = (
			);
			dependencies = (
				0A977B84220E0B8C005D1DC2 /* PBXTargetDependency */,
			);
			name = NaturalistAppUITests;
			productName = NaturalistAppUITests;
			productReference = 0A977B82220E0B8C005D1DC2 /* NaturalistAppUITests.xctest */;
			productType = "com.apple.product-type.bundle.ui-testing";
		};
/* End PBXNativeTarget section */

/* Begin PBXProject section */
		0A977B5B220E0B8B005D1DC2 /* Project object */ = {
			isa = PBXProject;
			attributes = {
				LastSwiftUpdateCheck = 1010;
				LastUpgradeCheck = 1010;
				ORGANIZATIONNAME = "Dmitriy Borovikov";
				TargetAttributes = {
					0A977B62220E0B8B005D1DC2 = {
						CreatedOnToolsVersion = 10.1;
						LastSwiftMigration = 1020;
					};
					0A977B76220E0B8C005D1DC2 = {
						CreatedOnToolsVersion = 10.1;
						LastSwiftMigration = 1020;
						TestTargetID = 0A977B62220E0B8B005D1DC2;
					};
					0A977B81220E0B8C005D1DC2 = {
						CreatedOnToolsVersion = 10.1;
						LastSwiftMigration = 1020;
						TestTargetID = 0A977B62220E0B8B005D1DC2;
					};
				};
			};
			buildConfigurationList = 0A977B5E220E0B8B005D1DC2 /* Build configuration list for PBXProject "NaturalistApp" */;
			compatibilityVersion = "Xcode 9.3";
			developmentRegion = en;
			hasScannedForEncodings = 0;
			knownRegions = (
				en,
				Base,
			);
			mainGroup = 0A977B5A220E0B8B005D1DC2;
			productRefGroup = 0A977B64220E0B8B005D1DC2 /* Products */;
			projectDirPath = "";
			projectRoot = "";
			targets = (
				0A977B62220E0B8B005D1DC2 /* NaturalistApp */,
				0A977B76220E0B8C005D1DC2 /* NaturalistAppTests */,
				0A977B81220E0B8C005D1DC2 /* NaturalistAppUITests */,
			);
		};
/* End PBXProject section */

/* Begin PBXResourcesBuildPhase section */
		0A977B61220E0B8B005D1DC2 /* Resources */ = {
			isa = PBXResourcesBuildPhase;
			buildActionMask = 2147483647;
			files = (
				0A25DFA322367B1300DEB46E /* ObservationProfileView.xib in Resources */,
				0A25DFA92236902F00DEB46E /* ObservationFaveView.xib in Resources */,
				0A25DFA5223685B800DEB46E /* ObservationPhotoView.xib in Resources */,
				0AD81CCD223A7D90003082BC /* ActivityViewController.storyboard in Resources */,
				0AD81CCE223A7D90003082BC /* ObservationTaxaView.xib in Resources */,
				0A17F8FA223D562A00B71E66 /* PhotoViewController.storyboard in Resources */,
				0A977B71220E0B8C005D1DC2 /* LaunchScreen.storyboard in Resources */,
				0A5898352260E91F0036AD6E /* PickPhotoController.storyboard in Resources */,
				0A977B6E220E0B8C005D1DC2 /* Assets.xcassets in Resources */,
				0A977B6C220E0B8B005D1DC2 /* Main.storyboard in Resources */,
				0AA39830223F7F6400AF2A62 /* TaxonMapheaderView.xib in Resources */,
				0A10102C223E408000EB42C3 /* ObservationDescription.xib in Resources */,
				0A0BE668223F7304004E9AC4 /* TaxonWebContentView.xib in Resources */,
				0A3DA674223EB7D4002C8E89 /* TaxonMapViewController.storyboard in Resources */,
				0A5898222260E7980036AD6E /* SheetViewController.storyboard in Resources */,
			);
			runOnlyForDeploymentPostprocessing = 0;
		};
		0A977B75220E0B8C005D1DC2 /* Resources */ = {
			isa = PBXResourcesBuildPhase;
			buildActionMask = 2147483647;
			files = (
			);
			runOnlyForDeploymentPostprocessing = 0;
		};
		0A977B80220E0B8C005D1DC2 /* Resources */ = {
			isa = PBXResourcesBuildPhase;
			buildActionMask = 2147483647;
			files = (
			);
			runOnlyForDeploymentPostprocessing = 0;
		};
/* End PBXResourcesBuildPhase section */

/* Begin PBXShellScriptBuildPhase section */
		2C1B792DF7F2B3E5D2FBF943 /* [CP] Check Pods Manifest.lock */ = {
			isa = PBXShellScriptBuildPhase;
			buildActionMask = 2147483647;
			files = (
			);
			inputFileListPaths = (
			);
			inputPaths = (
				"${PODS_PODFILE_DIR_PATH}/Podfile.lock",
				"${PODS_ROOT}/Manifest.lock",
			);
			name = "[CP] Check Pods Manifest.lock";
			outputFileListPaths = (
			);
			outputPaths = (
				"$(DERIVED_FILE_DIR)/Pods-NaturalistApp-checkManifestLockResult.txt",
			);
			runOnlyForDeploymentPostprocessing = 0;
			shellPath = /bin/sh;
			shellScript = "diff \"${PODS_PODFILE_DIR_PATH}/Podfile.lock\" \"${PODS_ROOT}/Manifest.lock\" > /dev/null\nif [ $? != 0 ] ; then\n    # print error to STDERR\n    echo \"error: The sandbox is not in sync with the Podfile.lock. Run 'pod install' or update your CocoaPods installation.\" >&2\n    exit 1\nfi\n# This output is used by Xcode 'outputs' to avoid re-running this script phase.\necho \"SUCCESS\" > \"${SCRIPT_OUTPUT_FILE_0}\"\n";
			showEnvVarsInLog = 0;
		};
		4E97586F207D36C8C1E88F66 /* [CP] Embed Pods Frameworks */ = {
			isa = PBXShellScriptBuildPhase;
			buildActionMask = 2147483647;
			files = (
			);
			inputFileListPaths = (
			);
			inputPaths = (
				"${PODS_ROOT}/Target Support Files/Pods-NaturalistApp/Pods-NaturalistApp-frameworks.sh",
				"${BUILT_PRODUCTS_DIR}/Alamofire/Alamofire.framework",
				"${BUILT_PRODUCTS_DIR}/KeychainAccess/KeychainAccess.framework",
				"${BUILT_PRODUCTS_DIR}/Keys/Keys.framework",
				"${BUILT_PRODUCTS_DIR}/Kingfisher/Kingfisher.framework",
				"${BUILT_PRODUCTS_DIR}/Moya/Moya.framework",
				"${BUILT_PRODUCTS_DIR}/PromiseKit/PromiseKit.framework",
				"${BUILT_PRODUCTS_DIR}/Result/Result.framework",
				"${BUILT_PRODUCTS_DIR}/SwiftyUserDefaults/SwiftyUserDefaults.framework",
			);
			name = "[CP] Embed Pods Frameworks";
			outputFileListPaths = (
			);
			outputPaths = (
				"${TARGET_BUILD_DIR}/${FRAMEWORKS_FOLDER_PATH}/Alamofire.framework",
				"${TARGET_BUILD_DIR}/${FRAMEWORKS_FOLDER_PATH}/KeychainAccess.framework",
				"${TARGET_BUILD_DIR}/${FRAMEWORKS_FOLDER_PATH}/Keys.framework",
				"${TARGET_BUILD_DIR}/${FRAMEWORKS_FOLDER_PATH}/Kingfisher.framework",
				"${TARGET_BUILD_DIR}/${FRAMEWORKS_FOLDER_PATH}/Moya.framework",
				"${TARGET_BUILD_DIR}/${FRAMEWORKS_FOLDER_PATH}/PromiseKit.framework",
				"${TARGET_BUILD_DIR}/${FRAMEWORKS_FOLDER_PATH}/Result.framework",
				"${TARGET_BUILD_DIR}/${FRAMEWORKS_FOLDER_PATH}/SwiftyUserDefaults.framework",
			);
			runOnlyForDeploymentPostprocessing = 0;
			shellPath = /bin/sh;
			shellScript = "\"${PODS_ROOT}/Target Support Files/Pods-NaturalistApp/Pods-NaturalistApp-frameworks.sh\"\n";
			showEnvVarsInLog = 0;
		};
/* End PBXShellScriptBuildPhase section */

/* Begin PBXSourcesBuildPhase section */
		0A977B5F220E0B8B005D1DC2 /* Sources */ = {
			isa = PBXSourcesBuildPhase;
			buildActionMask = 2147483647;
			files = (
				0A21747F22257828007E4EFC /* IconicTaxonName+Color.swift in Sources */,
				0AD2C6E7222D2C86003ECFD6 /* BasicViewController.swift in Sources */,
				0AD653EE2240290C007F315B /* IndicateStateProtocol.swift in Sources */,
				0A3885B7223D8FB4003A63E8 /* PhotoActivityIndicator.swift in Sources */,
				0ABA9C6722102B210099F774 /* Taxon.swift in Sources */,
				0A1D41632243A0A500718651 /* FullScreenNavigationViewController.swift in Sources */,
				0A0B00A5221FD999008E17D9 /* Geojson.swift in Sources */,
				0A62579F222DB78800812C5D /* UIViewExtensions.swift in Sources */,
				0AD81CCF223A7D90003082BC /* ActivityTaxaTableViewCell.swift in Sources */,
				0A5F60B62227FF4600EABDAF /* UITableViewExtensions.swift in Sources */,
				0A5898332260E91F0036AD6E /* PickPhotoCollectionViewCell.swift in Sources */,
				0A5832332224118A0071DEE0 /* ObservationAnnotation.swift in Sources */,
				0A4D5D6A223FDF8D00B2EB0E /* Observer.swift in Sources */,
				0ABA9C65221029EE0099F774 /* Photo.swift in Sources */,
				0AF16998222E76BD00C1058B /* ProfileHeaderCollectionReusableView.swift in Sources */,
				0A3F664B2219B750002452B0 /* AuthorizeViewController.swift in Sources */,
				0A2174812225821A007E4EFC /* UIColorExtensions.swift in Sources */,
				0A9F8C88221961B200C299C8 /* NatProvider.swift in Sources */,
				0AD653EB2240134D007F315B /* LeadersTableViewCell.swift in Sources */,
				0AD653F02240291B007F315B /* IndicateState.swift in Sources */,
				0ABA9C762210A4790099F774 /* APIKeys.swift in Sources */,
				0A37F4EB2238316F0089FC09 /* ObservationDetailProtocol.swift in Sources */,
				0A7788A22264F3CD00A471F1 /* AddObservationTableViewController.swift in Sources */,
				0ADF8A4A222FD6F80047AC25 /* UICollectionViewExtensions.swift in Sources */,
				0A9F8C842219516200C299C8 /* Content.swift in Sources */,
				0ABA9C61221024A10099F774 /* Observation.swift in Sources */,
				0A5898242260E7A60036AD6E /* SheetViewController.swift in Sources */,
				0ABA9C6922103BDD0099F774 /* Comment.swift in Sources */,
				0A5898372260E91F0036AD6E /* ImagePickerPromise.swift in Sources */,
				0A87BB4F2227441300150BE9 /* ObservationProfileView.swift in Sources */,
				0ABA9C63221029BD0099F774 /* LicenseCode.swift in Sources */,
				0A3139E6221ABCE9009D87F0 /* MKMapViewExtension.swift in Sources */,
				0ADC99AA22292FD400034F49 /* TaxonPhoto.swift in Sources */,
				0A3139E4221AB315009D87F0 /* MapViewController.swift in Sources */,
				0A21747D222577CF007E4EFC /* IconicTaxonName.swift in Sources */,
				0A5898262260E7CB0036AD6E /* SheetPromise.swift in Sources */,
				0A6624E022660E5C00EB2747 /* UITextViewPlaceholder.swift in Sources */,
				0ADF8A48222FCC3A0047AC25 /* StringExtensions.swift in Sources */,
				0AA8DB46222900C0003999B7 /* UIStoryboardExtensions.swift in Sources */,
				0A9F8C8E2219905500C299C8 /* JWTToken.swift in Sources */,
				0A451A812211B35400684AC4 /* FreeMethods.swift in Sources */,
				0A101032223E6C2400EB42C3 /* KeyedDecodingContainerExtensions.swift in Sources */,
				0AD81CCB223A7D90003082BC /* ActivityCommentTableViewCell.swift in Sources */,
				0ABA9C742210A3EC0099F774 /* KeychainService.swift in Sources */,
				0A9F8C862219615C00C299C8 /* PagedResults.swift in Sources */,
				0A0BE666223F72E9004E9AC4 /* TaxonWebContentView.swift in Sources */,
				0A17F8FB223D562A00B71E66 /* PhotoViewController.swift in Sources */,
				0A87BB4D2227419100150BE9 /* ObservationDetailsViewController.swift in Sources */,
				0AA22B15223FA8DD00F1A52B /* WebViewController.swift in Sources */,
				0ABA9C7122109EA60099F774 /* DefaultCaseRepresentable.swift in Sources */,
				0AD81CC8223A7D90003082BC /* ActivityProfileTableViewCell.swift in Sources */,
				0AF16996222E75CE00C1058B /* ProfileCollectionViewController.swift in Sources */,
				0AA9F17A2221CB43008A67D5 /* MKMapRectExtensions.swift in Sources */,
				0ABA9C6E22105FAB0099F774 /* NatAPI.swift in Sources */,
				0A93539922207E700067E197 /* CLLocationCoordinate2DExtensions.swift in Sources */,
				0AD81CD4223A7F9C003082BC /* Identification.swift in Sources */,
				0A17F8FC223D562A00B71E66 /* PhotoCollectionViewCell.swift in Sources */,
				0AB65035223ED97500B65768 /* TaxonDetailViewController.swift in Sources */,
				0AD81CD2223A7D90003082BC /* ActivityViewController.swift in Sources */,
				0A87BB532227470B00150BE9 /* ObservationTaxaView.swift in Sources */,
				0AD2C6E5222D2C4A003ECFD6 /* StoryboardInstantiable.swift in Sources */,
				0A3DA670223EACFB002C8E89 /* MapBounds.swift in Sources */,
				0A89205F22364E2100900224 /* NSLayoutConstraintExtensions.swift in Sources */,
				0A3DA675223EB7D4002C8E89 /* TaxonMapViewController.swift in Sources */,
				0AD81CCA223A7D90003082BC /* DateExtensions.swift in Sources */,
				0A47A1DC222838A3005B4AEB /* Globals.swift in Sources */,
				0A47A1DE22283B00005B4AEB /* UIViewControllerExtensions.swift in Sources */,
				0ABA9C6B2210498A0099F774 /* Fave.swift in Sources */,
				0A977B67220E0B8B005D1DC2 /* AppDelegate.swift in Sources */,
				0AA74C4B223137E700B824E8 /* NatTabBarController.swift in Sources */,
				0A58983B2260E91F0036AD6E /* PhotoLibraryPromise.swift in Sources */,
				0A10102E223E40A500EB42C3 /* ObservationDescription.swift in Sources */,
				0AA5CDAF222044CD000A80BE /* SLocation.swift in Sources */,
				0A9F8C8A221969E600C299C8 /* NatNetworkError.swift in Sources */,
				0A5898362260E91F0036AD6E /* PickPhotoController.swift in Sources */,
				0A451A882211B5B000684AC4 /* Animations.swift in Sources */,
				0AA3982E223F7F2900AF2A62 /* TaxonMapheaderView.swift in Sources */,
				0A3DA677223EBE0A002C8E89 /* ObservationCoordinate.swift in Sources */,
				0A5898392260E91F0036AD6E /* PHImageManagerPromise.swift in Sources */,
				0A87BB5522274A5F00150BE9 /* ObservationFaveView.swift in Sources */,
				0A87BB512227461800150BE9 /* ObservationPhotoView.swift in Sources */,
				0ABA9C5F22101D9E0099F774 /* User.swift in Sources */,
				0AF1699A222E783200C1058B /* ImageCollectionViewCell.swift in Sources */,
				0A21747B22255487007E4EFC /* UIImageExtensions.swift in Sources */,
				0A9F8C8C22198F7800C299C8 /* AccessToken.swift in Sources */,
				0A5898382260E91F0036AD6E /* DataExtensions.swift in Sources */,
				0AD653E922401315007F315B /* LeadersTableViewController.swift in Sources */,
				0A1D41652243A0B500718651 /* FullScreenViewController.swift in Sources */,
				0A89205D22364D6E00900224 /* StackViewController.swift in Sources */,
				0A58983A2260E91F0036AD6E /* CLLocationExtensions.swift in Sources */,
				0A89205A22364D2D00900224 /* NibInstantiable.swift in Sources */,
				0AD6037A22624B340099B90F /* AddObservationViewController.swift in Sources */,
				0A33CA37221F1F1B00BDD802 /* PromiseKitExtensions.swift in Sources */,
			);
			runOnlyForDeploymentPostprocessing = 0;
		};
		0A977B73220E0B8C005D1DC2 /* Sources */ = {
			isa = PBXSourcesBuildPhase;
			buildActionMask = 2147483647;
			files = (
				0A977B7C220E0B8C005D1DC2 /* NaturalistAppTests.swift in Sources */,
			);
			runOnlyForDeploymentPostprocessing = 0;
		};
		0A977B7E220E0B8C005D1DC2 /* Sources */ = {
			isa = PBXSourcesBuildPhase;
			buildActionMask = 2147483647;
			files = (
				0A977B87220E0B8C005D1DC2 /* NaturalistAppUITests.swift in Sources */,
			);
			runOnlyForDeploymentPostprocessing = 0;
		};
/* End PBXSourcesBuildPhase section */

/* Begin PBXTargetDependency section */
		0A977B79220E0B8C005D1DC2 /* PBXTargetDependency */ = {
			isa = PBXTargetDependency;
			target = 0A977B62220E0B8B005D1DC2 /* NaturalistApp */;
			targetProxy = 0A977B78220E0B8C005D1DC2 /* PBXContainerItemProxy */;
		};
		0A977B84220E0B8C005D1DC2 /* PBXTargetDependency */ = {
			isa = PBXTargetDependency;
			target = 0A977B62220E0B8B005D1DC2 /* NaturalistApp */;
			targetProxy = 0A977B83220E0B8C005D1DC2 /* PBXContainerItemProxy */;
		};
/* End PBXTargetDependency section */

/* Begin PBXVariantGroup section */
		0A977B6A220E0B8B005D1DC2 /* Main.storyboard */ = {
			isa = PBXVariantGroup;
			children = (
				0A977B6B220E0B8B005D1DC2 /* Base */,
			);
			name = Main.storyboard;
			sourceTree = "<group>";
		};
		0A977B6F220E0B8C005D1DC2 /* LaunchScreen.storyboard */ = {
			isa = PBXVariantGroup;
			children = (
				0A977B70220E0B8C005D1DC2 /* Base */,
			);
			name = LaunchScreen.storyboard;
			sourceTree = "<group>";
		};
/* End PBXVariantGroup section */

/* Begin XCBuildConfiguration section */
		0A977B89220E0B8C005D1DC2 /* Debug */ = {
			isa = XCBuildConfiguration;
			buildSettings = {
				ALWAYS_SEARCH_USER_PATHS = NO;
				CLANG_ANALYZER_NONNULL = YES;
				CLANG_ANALYZER_NUMBER_OBJECT_CONVERSION = YES_AGGRESSIVE;
				CLANG_CXX_LANGUAGE_STANDARD = "gnu++14";
				CLANG_CXX_LIBRARY = "libc++";
				CLANG_ENABLE_MODULES = YES;
				CLANG_ENABLE_OBJC_ARC = YES;
				CLANG_ENABLE_OBJC_WEAK = YES;
				CLANG_WARN_BLOCK_CAPTURE_AUTORELEASING = YES;
				CLANG_WARN_BOOL_CONVERSION = YES;
				CLANG_WARN_COMMA = YES;
				CLANG_WARN_CONSTANT_CONVERSION = YES;
				CLANG_WARN_DEPRECATED_OBJC_IMPLEMENTATIONS = YES;
				CLANG_WARN_DIRECT_OBJC_ISA_USAGE = YES_ERROR;
				CLANG_WARN_DOCUMENTATION_COMMENTS = YES;
				CLANG_WARN_EMPTY_BODY = YES;
				CLANG_WARN_ENUM_CONVERSION = YES;
				CLANG_WARN_INFINITE_RECURSION = YES;
				CLANG_WARN_INT_CONVERSION = YES;
				CLANG_WARN_NON_LITERAL_NULL_CONVERSION = YES;
				CLANG_WARN_OBJC_IMPLICIT_RETAIN_SELF = YES;
				CLANG_WARN_OBJC_LITERAL_CONVERSION = YES;
				CLANG_WARN_OBJC_ROOT_CLASS = YES_ERROR;
				CLANG_WARN_RANGE_LOOP_ANALYSIS = YES;
				CLANG_WARN_STRICT_PROTOTYPES = YES;
				CLANG_WARN_SUSPICIOUS_MOVE = YES;
				CLANG_WARN_UNGUARDED_AVAILABILITY = YES_AGGRESSIVE;
				CLANG_WARN_UNREACHABLE_CODE = YES;
				CLANG_WARN__DUPLICATE_METHOD_MATCH = YES;
				CODE_SIGN_IDENTITY = "iPhone Developer";
				COPY_PHASE_STRIP = NO;
				DEBUG_INFORMATION_FORMAT = dwarf;
				ENABLE_STRICT_OBJC_MSGSEND = YES;
				ENABLE_TESTABILITY = YES;
				GCC_C_LANGUAGE_STANDARD = gnu11;
				GCC_DYNAMIC_NO_PIC = NO;
				GCC_NO_COMMON_BLOCKS = YES;
				GCC_OPTIMIZATION_LEVEL = 0;
				GCC_PREPROCESSOR_DEFINITIONS = (
					"DEBUG=1",
					"$(inherited)",
				);
				GCC_WARN_64_TO_32_BIT_CONVERSION = YES;
				GCC_WARN_ABOUT_RETURN_TYPE = YES_ERROR;
				GCC_WARN_UNDECLARED_SELECTOR = YES;
				GCC_WARN_UNINITIALIZED_AUTOS = YES_AGGRESSIVE;
				GCC_WARN_UNUSED_FUNCTION = YES;
				GCC_WARN_UNUSED_VARIABLE = YES;
				IPHONEOS_DEPLOYMENT_TARGET = 12.1;
				MTL_ENABLE_DEBUG_INFO = INCLUDE_SOURCE;
				MTL_FAST_MATH = YES;
				ONLY_ACTIVE_ARCH = YES;
				SDKROOT = iphoneos;
				SWIFT_ACTIVE_COMPILATION_CONDITIONS = DEBUG;
				SWIFT_OPTIMIZATION_LEVEL = "-Onone";
			};
			name = Debug;
		};
		0A977B8A220E0B8C005D1DC2 /* Release */ = {
			isa = XCBuildConfiguration;
			buildSettings = {
				ALWAYS_SEARCH_USER_PATHS = NO;
				CLANG_ANALYZER_NONNULL = YES;
				CLANG_ANALYZER_NUMBER_OBJECT_CONVERSION = YES_AGGRESSIVE;
				CLANG_CXX_LANGUAGE_STANDARD = "gnu++14";
				CLANG_CXX_LIBRARY = "libc++";
				CLANG_ENABLE_MODULES = YES;
				CLANG_ENABLE_OBJC_ARC = YES;
				CLANG_ENABLE_OBJC_WEAK = YES;
				CLANG_WARN_BLOCK_CAPTURE_AUTORELEASING = YES;
				CLANG_WARN_BOOL_CONVERSION = YES;
				CLANG_WARN_COMMA = YES;
				CLANG_WARN_CONSTANT_CONVERSION = YES;
				CLANG_WARN_DEPRECATED_OBJC_IMPLEMENTATIONS = YES;
				CLANG_WARN_DIRECT_OBJC_ISA_USAGE = YES_ERROR;
				CLANG_WARN_DOCUMENTATION_COMMENTS = YES;
				CLANG_WARN_EMPTY_BODY = YES;
				CLANG_WARN_ENUM_CONVERSION = YES;
				CLANG_WARN_INFINITE_RECURSION = YES;
				CLANG_WARN_INT_CONVERSION = YES;
				CLANG_WARN_NON_LITERAL_NULL_CONVERSION = YES;
				CLANG_WARN_OBJC_IMPLICIT_RETAIN_SELF = YES;
				CLANG_WARN_OBJC_LITERAL_CONVERSION = YES;
				CLANG_WARN_OBJC_ROOT_CLASS = YES_ERROR;
				CLANG_WARN_RANGE_LOOP_ANALYSIS = YES;
				CLANG_WARN_STRICT_PROTOTYPES = YES;
				CLANG_WARN_SUSPICIOUS_MOVE = YES;
				CLANG_WARN_UNGUARDED_AVAILABILITY = YES_AGGRESSIVE;
				CLANG_WARN_UNREACHABLE_CODE = YES;
				CLANG_WARN__DUPLICATE_METHOD_MATCH = YES;
				CODE_SIGN_IDENTITY = "iPhone Developer";
				COPY_PHASE_STRIP = NO;
				DEBUG_INFORMATION_FORMAT = "dwarf-with-dsym";
				ENABLE_NS_ASSERTIONS = NO;
				ENABLE_STRICT_OBJC_MSGSEND = YES;
				GCC_C_LANGUAGE_STANDARD = gnu11;
				GCC_NO_COMMON_BLOCKS = YES;
				GCC_WARN_64_TO_32_BIT_CONVERSION = YES;
				GCC_WARN_ABOUT_RETURN_TYPE = YES_ERROR;
				GCC_WARN_UNDECLARED_SELECTOR = YES;
				GCC_WARN_UNINITIALIZED_AUTOS = YES_AGGRESSIVE;
				GCC_WARN_UNUSED_FUNCTION = YES;
				GCC_WARN_UNUSED_VARIABLE = YES;
				IPHONEOS_DEPLOYMENT_TARGET = 12.1;
				MTL_ENABLE_DEBUG_INFO = NO;
				MTL_FAST_MATH = YES;
				SDKROOT = iphoneos;
				SWIFT_COMPILATION_MODE = wholemodule;
				SWIFT_OPTIMIZATION_LEVEL = "-O";
				VALIDATE_PRODUCT = YES;
			};
			name = Release;
		};
		0A977B8C220E0B8C005D1DC2 /* Debug */ = {
			isa = XCBuildConfiguration;
			baseConfigurationReference = 55C0C7C3EA1EB43D5D54BFE4 /* Pods-NaturalistApp.debug.xcconfig */;
			buildSettings = {
				ASSETCATALOG_COMPILER_APPICON_NAME = AppIcon;
				CODE_SIGN_STYLE = Automatic;
				DEVELOPMENT_TEAM = 9BEQ8V4XH9;
				INFOPLIST_FILE = NaturalistApp/Info.plist;
				IPHONEOS_DEPLOYMENT_TARGET = 11.0;
				LD_RUNPATH_SEARCH_PATHS = (
					"$(inherited)",
					"@executable_path/Frameworks",
				);
				PRODUCT_BUNDLE_IDENTIFIER = me.borovikov.NaturalistApp;
				PRODUCT_NAME = "$(TARGET_NAME)";
				SWIFT_VERSION = 5.0;
				TARGETED_DEVICE_FAMILY = "1,2";
			};
			name = Debug;
		};
		0A977B8D220E0B8C005D1DC2 /* Release */ = {
			isa = XCBuildConfiguration;
			baseConfigurationReference = 9CCC4157664A04B95EE95B14 /* Pods-NaturalistApp.release.xcconfig */;
			buildSettings = {
				ASSETCATALOG_COMPILER_APPICON_NAME = AppIcon;
				CODE_SIGN_STYLE = Automatic;
				DEVELOPMENT_TEAM = 9BEQ8V4XH9;
				INFOPLIST_FILE = NaturalistApp/Info.plist;
				IPHONEOS_DEPLOYMENT_TARGET = 11.0;
				LD_RUNPATH_SEARCH_PATHS = (
					"$(inherited)",
					"@executable_path/Frameworks",
				);
				PRODUCT_BUNDLE_IDENTIFIER = me.borovikov.NaturalistApp;
				PRODUCT_NAME = "$(TARGET_NAME)";
				SWIFT_VERSION = 5.0;
				TARGETED_DEVICE_FAMILY = "1,2";
			};
			name = Release;
		};
		0A977B8F220E0B8C005D1DC2 /* Debug */ = {
			isa = XCBuildConfiguration;
			buildSettings = {
				ALWAYS_EMBED_SWIFT_STANDARD_LIBRARIES = YES;
				BUNDLE_LOADER = "$(TEST_HOST)";
				CODE_SIGN_STYLE = Automatic;
				DEVELOPMENT_TEAM = 9BEQ8V4XH9;
				INFOPLIST_FILE = NaturalistAppTests/Info.plist;
				LD_RUNPATH_SEARCH_PATHS = (
					"$(inherited)",
					"@executable_path/Frameworks",
					"@loader_path/Frameworks",
				);
				PRODUCT_BUNDLE_IDENTIFIER = me.borovikov.NaturalistAppTests;
				PRODUCT_NAME = "$(TARGET_NAME)";
				SWIFT_VERSION = 5.0;
				TARGETED_DEVICE_FAMILY = "1,2";
				TEST_HOST = "$(BUILT_PRODUCTS_DIR)/NaturalistApp.app/NaturalistApp";
			};
			name = Debug;
		};
		0A977B90220E0B8C005D1DC2 /* Release */ = {
			isa = XCBuildConfiguration;
			buildSettings = {
				ALWAYS_EMBED_SWIFT_STANDARD_LIBRARIES = YES;
				BUNDLE_LOADER = "$(TEST_HOST)";
				CODE_SIGN_STYLE = Automatic;
				DEVELOPMENT_TEAM = 9BEQ8V4XH9;
				INFOPLIST_FILE = NaturalistAppTests/Info.plist;
				LD_RUNPATH_SEARCH_PATHS = (
					"$(inherited)",
					"@executable_path/Frameworks",
					"@loader_path/Frameworks",
				);
				PRODUCT_BUNDLE_IDENTIFIER = me.borovikov.NaturalistAppTests;
				PRODUCT_NAME = "$(TARGET_NAME)";
				SWIFT_VERSION = 5.0;
				TARGETED_DEVICE_FAMILY = "1,2";
				TEST_HOST = "$(BUILT_PRODUCTS_DIR)/NaturalistApp.app/NaturalistApp";
			};
			name = Release;
		};
		0A977B92220E0B8C005D1DC2 /* Debug */ = {
			isa = XCBuildConfiguration;
			buildSettings = {
				ALWAYS_EMBED_SWIFT_STANDARD_LIBRARIES = YES;
				CODE_SIGN_STYLE = Automatic;
				DEVELOPMENT_TEAM = 9BEQ8V4XH9;
				INFOPLIST_FILE = NaturalistAppUITests/Info.plist;
				LD_RUNPATH_SEARCH_PATHS = (
					"$(inherited)",
					"@executable_path/Frameworks",
					"@loader_path/Frameworks",
				);
				PRODUCT_BUNDLE_IDENTIFIER = me.borovikov.NaturalistAppUITests;
				PRODUCT_NAME = "$(TARGET_NAME)";
				SWIFT_VERSION = 5.0;
				TARGETED_DEVICE_FAMILY = "1,2";
				TEST_TARGET_NAME = NaturalistApp;
			};
			name = Debug;
		};
		0A977B93220E0B8C005D1DC2 /* Release */ = {
			isa = XCBuildConfiguration;
			buildSettings = {
				ALWAYS_EMBED_SWIFT_STANDARD_LIBRARIES = YES;
				CODE_SIGN_STYLE = Automatic;
				DEVELOPMENT_TEAM = 9BEQ8V4XH9;
				INFOPLIST_FILE = NaturalistAppUITests/Info.plist;
				LD_RUNPATH_SEARCH_PATHS = (
					"$(inherited)",
					"@executable_path/Frameworks",
					"@loader_path/Frameworks",
				);
				PRODUCT_BUNDLE_IDENTIFIER = me.borovikov.NaturalistAppUITests;
				PRODUCT_NAME = "$(TARGET_NAME)";
				SWIFT_VERSION = 5.0;
				TARGETED_DEVICE_FAMILY = "1,2";
				TEST_TARGET_NAME = NaturalistApp;
			};
			name = Release;
		};
/* End XCBuildConfiguration section */

/* Begin XCConfigurationList section */
		0A977B5E220E0B8B005D1DC2 /* Build configuration list for PBXProject "NaturalistApp" */ = {
			isa = XCConfigurationList;
			buildConfigurations = (
				0A977B89220E0B8C005D1DC2 /* Debug */,
				0A977B8A220E0B8C005D1DC2 /* Release */,
			);
			defaultConfigurationIsVisible = 0;
			defaultConfigurationName = Release;
		};
		0A977B8B220E0B8C005D1DC2 /* Build configuration list for PBXNativeTarget "NaturalistApp" */ = {
			isa = XCConfigurationList;
			buildConfigurations = (
				0A977B8C220E0B8C005D1DC2 /* Debug */,
				0A977B8D220E0B8C005D1DC2 /* Release */,
			);
			defaultConfigurationIsVisible = 0;
			defaultConfigurationName = Release;
		};
		0A977B8E220E0B8C005D1DC2 /* Build configuration list for PBXNativeTarget "NaturalistAppTests" */ = {
			isa = XCConfigurationList;
			buildConfigurations = (
				0A977B8F220E0B8C005D1DC2 /* Debug */,
				0A977B90220E0B8C005D1DC2 /* Release */,
			);
			defaultConfigurationIsVisible = 0;
			defaultConfigurationName = Release;
		};
		0A977B91220E0B8C005D1DC2 /* Build configuration list for PBXNativeTarget "NaturalistAppUITests" */ = {
			isa = XCConfigurationList;
			buildConfigurations = (
				0A977B92220E0B8C005D1DC2 /* Debug */,
				0A977B93220E0B8C005D1DC2 /* Release */,
			);
			defaultConfigurationIsVisible = 0;
			defaultConfigurationName = Release;
		};
/* End XCConfigurationList section */
	};
	rootObject = 0A977B5B220E0B8B005D1DC2 /* Project object */;
}
