// !$*UTF8*$!
{
	archiveVersion = 1;
	classes = {
	};
	objectVersion = 50;
	objects = {

/* Begin PBXBuildFile section */
		0A0B00A5221FD999008E17D9 /* Geojson.swift in Sources */ = {isa = PBXBuildFile; fileRef = 0A0B00A4221FD999008E17D9 /* Geojson.swift */; };
		0A3139E4221AB315009D87F0 /* MapViewController.swift in Sources */ = {isa = PBXBuildFile; fileRef = 0A3139E3221AB315009D87F0 /* MapViewController.swift */; };
		0A3139E6221ABCE9009D87F0 /* MKMapViewExtension.swift in Sources */ = {isa = PBXBuildFile; fileRef = 0A3139E5221ABCE9009D87F0 /* MKMapViewExtension.swift */; };
		0A33CA37221F1F1B00BDD802 /* PromiseKitExtensions.swift in Sources */ = {isa = PBXBuildFile; fileRef = 0A33CA36221F1F1B00BDD802 /* PromiseKitExtensions.swift */; };
		0A3F664B2219B750002452B0 /* AuthorizeViewController.swift in Sources */ = {isa = PBXBuildFile; fileRef = 0A3F664A2219B750002452B0 /* AuthorizeViewController.swift */; };
		0A451A812211B35400684AC4 /* FreeMethods.swift in Sources */ = {isa = PBXBuildFile; fileRef = 0A451A802211B35400684AC4 /* FreeMethods.swift */; };
		0A451A882211B5B000684AC4 /* Animations.swift in Sources */ = {isa = PBXBuildFile; fileRef = 0A451A872211B5B000684AC4 /* Animations.swift */; };
		0A5832332224118A0071DEE0 /* ObsAnnotation.swift in Sources */ = {isa = PBXBuildFile; fileRef = 0A5832322224118A0071DEE0 /* ObsAnnotation.swift */; };
		0A93539922207E700067E197 /* CLLocationCoordinate2DExtensions.swift in Sources */ = {isa = PBXBuildFile; fileRef = 0A93539822207E700067E197 /* CLLocationCoordinate2DExtensions.swift */; };
		0A977B67220E0B8B005D1DC2 /* AppDelegate.swift in Sources */ = {isa = PBXBuildFile; fileRef = 0A977B66220E0B8B005D1DC2 /* AppDelegate.swift */; };
		0A977B6C220E0B8B005D1DC2 /* Main.storyboard in Resources */ = {isa = PBXBuildFile; fileRef = 0A977B6A220E0B8B005D1DC2 /* Main.storyboard */; };
		0A977B6E220E0B8C005D1DC2 /* Assets.xcassets in Resources */ = {isa = PBXBuildFile; fileRef = 0A977B6D220E0B8C005D1DC2 /* Assets.xcassets */; };
		0A977B71220E0B8C005D1DC2 /* LaunchScreen.storyboard in Resources */ = {isa = PBXBuildFile; fileRef = 0A977B6F220E0B8C005D1DC2 /* LaunchScreen.storyboard */; };
		0A977B7C220E0B8C005D1DC2 /* NaturalistAppTests.swift in Sources */ = {isa = PBXBuildFile; fileRef = 0A977B7B220E0B8C005D1DC2 /* NaturalistAppTests.swift */; };
		0A977B87220E0B8C005D1DC2 /* NaturalistAppUITests.swift in Sources */ = {isa = PBXBuildFile; fileRef = 0A977B86220E0B8C005D1DC2 /* NaturalistAppUITests.swift */; };
		0A9F8C842219516200C299C8 /* Content.swift in Sources */ = {isa = PBXBuildFile; fileRef = 0A9F8C832219516200C299C8 /* Content.swift */; };
		0A9F8C862219615C00C299C8 /* PagedResults.swift in Sources */ = {isa = PBXBuildFile; fileRef = 0A9F8C852219615C00C299C8 /* PagedResults.swift */; };
		0A9F8C88221961B200C299C8 /* NatProvider.swift in Sources */ = {isa = PBXBuildFile; fileRef = 0A9F8C87221961B200C299C8 /* NatProvider.swift */; };
		0A9F8C8A221969E600C299C8 /* NatNetworkError.swift in Sources */ = {isa = PBXBuildFile; fileRef = 0A9F8C89221969E600C299C8 /* NatNetworkError.swift */; };
		0A9F8C8C22198F7800C299C8 /* AccessToken.swift in Sources */ = {isa = PBXBuildFile; fileRef = 0A9F8C8B22198F7800C299C8 /* AccessToken.swift */; };
		0A9F8C8E2219905500C299C8 /* JWTToken.swift in Sources */ = {isa = PBXBuildFile; fileRef = 0A9F8C8D2219905500C299C8 /* JWTToken.swift */; };
		0AA5CDAF222044CD000A80BE /* SLocation.swift in Sources */ = {isa = PBXBuildFile; fileRef = 0AA5CDAE222044CD000A80BE /* SLocation.swift */; };
		0AA9F17A2221CB43008A67D5 /* MKMapRectExtensions.swift in Sources */ = {isa = PBXBuildFile; fileRef = 0AA9F1792221CB43008A67D5 /* MKMapRectExtensions.swift */; };
		0ABA9C5F22101D9E0099F774 /* User.swift in Sources */ = {isa = PBXBuildFile; fileRef = 0ABA9C5E22101D9E0099F774 /* User.swift */; };
		0ABA9C61221024A10099F774 /* Observation.swift in Sources */ = {isa = PBXBuildFile; fileRef = 0ABA9C60221024A10099F774 /* Observation.swift */; };
		0ABA9C63221029BD0099F774 /* LicenseCode.swift in Sources */ = {isa = PBXBuildFile; fileRef = 0ABA9C62221029BD0099F774 /* LicenseCode.swift */; };
		0ABA9C65221029EE0099F774 /* Photo.swift in Sources */ = {isa = PBXBuildFile; fileRef = 0ABA9C64221029EE0099F774 /* Photo.swift */; };
		0ABA9C6722102B210099F774 /* Taxon.swift in Sources */ = {isa = PBXBuildFile; fileRef = 0ABA9C6622102B210099F774 /* Taxon.swift */; };
		0ABA9C6922103BDD0099F774 /* Comment.swift in Sources */ = {isa = PBXBuildFile; fileRef = 0ABA9C6822103BDD0099F774 /* Comment.swift */; };
		0ABA9C6B2210498A0099F774 /* Fave.swift in Sources */ = {isa = PBXBuildFile; fileRef = 0ABA9C6A2210498A0099F774 /* Fave.swift */; };
		0ABA9C6E22105FAB0099F774 /* NatAPI.swift in Sources */ = {isa = PBXBuildFile; fileRef = 0ABA9C6D22105FAB0099F774 /* NatAPI.swift */; };
		0ABA9C7122109EA60099F774 /* DefaultCaseRepresentable.swift in Sources */ = {isa = PBXBuildFile; fileRef = 0ABA9C7022109EA60099F774 /* DefaultCaseRepresentable.swift */; };
		0ABA9C742210A3EC0099F774 /* KeychainService.swift in Sources */ = {isa = PBXBuildFile; fileRef = 0ABA9C732210A3C80099F774 /* KeychainService.swift */; };
		0ABA9C762210A4790099F774 /* APIKeys.swift in Sources */ = {isa = PBXBuildFile; fileRef = 0ABA9C752210A4790099F774 /* APIKeys.swift */; };
		9F0E766902695A23BFDCB8DF /* Pods_NaturalistApp.framework in Frameworks */ = {isa = PBXBuildFile; fileRef = 4EFE921A4D01CA1E7FCDC7D1 /* Pods_NaturalistApp.framework */; };
/* End PBXBuildFile section */

/* Begin PBXContainerItemProxy section */
		0A977B78220E0B8C005D1DC2 /* PBXContainerItemProxy */ = {
			isa = PBXContainerItemProxy;
			containerPortal = 0A977B5B220E0B8B005D1DC2 /* Project object */;
			proxyType = 1;
			remoteGlobalIDString = 0A977B62220E0B8B005D1DC2;
			remoteInfo = NaturalistApp;
		};
		0A977B83220E0B8C005D1DC2 /* PBXContainerItemProxy */ = {
			isa = PBXContainerItemProxy;
			containerPortal = 0A977B5B220E0B8B005D1DC2 /* Project object */;
			proxyType = 1;
			remoteGlobalIDString = 0A977B62220E0B8B005D1DC2;
			remoteInfo = NaturalistApp;
		};
/* End PBXContainerItemProxy section */

/* Begin PBXFileReference section */
		0A0B00A4221FD999008E17D9 /* Geojson.swift */ = {isa = PBXFileReference; lastKnownFileType = sourcecode.swift; path = Geojson.swift; sourceTree = "<group>"; };
		0A3139E3221AB315009D87F0 /* MapViewController.swift */ = {isa = PBXFileReference; lastKnownFileType = sourcecode.swift; path = MapViewController.swift; sourceTree = "<group>"; };
		0A3139E5221ABCE9009D87F0 /* MKMapViewExtension.swift */ = {isa = PBXFileReference; fileEncoding = 4; lastKnownFileType = sourcecode.swift; path = MKMapViewExtension.swift; sourceTree = "<group>"; };
		0A33CA36221F1F1B00BDD802 /* PromiseKitExtensions.swift */ = {isa = PBXFileReference; lastKnownFileType = sourcecode.swift; path = PromiseKitExtensions.swift; sourceTree = "<group>"; };
		0A3F664A2219B750002452B0 /* AuthorizeViewController.swift */ = {isa = PBXFileReference; fileEncoding = 4; lastKnownFileType = sourcecode.swift; path = AuthorizeViewController.swift; sourceTree = "<group>"; };
		0A451A802211B35400684AC4 /* FreeMethods.swift */ = {isa = PBXFileReference; lastKnownFileType = sourcecode.swift; path = FreeMethods.swift; sourceTree = "<group>"; };
		0A451A872211B5B000684AC4 /* Animations.swift */ = {isa = PBXFileReference; fileEncoding = 4; lastKnownFileType = sourcecode.swift; path = Animations.swift; sourceTree = "<group>"; };
		0A5832322224118A0071DEE0 /* ObsAnnotation.swift */ = {isa = PBXFileReference; lastKnownFileType = sourcecode.swift; path = ObsAnnotation.swift; sourceTree = "<group>"; };
		0A93539822207E700067E197 /* CLLocationCoordinate2DExtensions.swift */ = {isa = PBXFileReference; lastKnownFileType = sourcecode.swift; path = CLLocationCoordinate2DExtensions.swift; sourceTree = "<group>"; };
		0A977B63220E0B8B005D1DC2 /* NaturalistApp.app */ = {isa = PBXFileReference; explicitFileType = wrapper.application; includeInIndex = 0; path = NaturalistApp.app; sourceTree = BUILT_PRODUCTS_DIR; };
		0A977B66220E0B8B005D1DC2 /* AppDelegate.swift */ = {isa = PBXFileReference; lastKnownFileType = sourcecode.swift; path = AppDelegate.swift; sourceTree = "<group>"; };
		0A977B6B220E0B8B005D1DC2 /* Base */ = {isa = PBXFileReference; lastKnownFileType = file.storyboard; name = Base; path = Base.lproj/Main.storyboard; sourceTree = "<group>"; };
		0A977B6D220E0B8C005D1DC2 /* Assets.xcassets */ = {isa = PBXFileReference; lastKnownFileType = folder.assetcatalog; path = Assets.xcassets; sourceTree = "<group>"; };
		0A977B70220E0B8C005D1DC2 /* Base */ = {isa = PBXFileReference; lastKnownFileType = file.storyboard; name = Base; path = Base.lproj/LaunchScreen.storyboard; sourceTree = "<group>"; };
		0A977B72220E0B8C005D1DC2 /* Info.plist */ = {isa = PBXFileReference; lastKnownFileType = text.plist.xml; path = Info.plist; sourceTree = "<group>"; };
		0A977B77220E0B8C005D1DC2 /* NaturalistAppTests.xctest */ = {isa = PBXFileReference; explicitFileType = wrapper.cfbundle; includeInIndex = 0; path = NaturalistAppTests.xctest; sourceTree = BUILT_PRODUCTS_DIR; };
		0A977B7B220E0B8C005D1DC2 /* NaturalistAppTests.swift */ = {isa = PBXFileReference; lastKnownFileType = sourcecode.swift; path = NaturalistAppTests.swift; sourceTree = "<group>"; };
		0A977B7D220E0B8C005D1DC2 /* Info.plist */ = {isa = PBXFileReference; lastKnownFileType = text.plist.xml; path = Info.plist; sourceTree = "<group>"; };
		0A977B82220E0B8C005D1DC2 /* NaturalistAppUITests.xctest */ = {isa = PBXFileReference; explicitFileType = wrapper.cfbundle; includeInIndex = 0; path = NaturalistAppUITests.xctest; sourceTree = BUILT_PRODUCTS_DIR; };
		0A977B86220E0B8C005D1DC2 /* NaturalistAppUITests.swift */ = {isa = PBXFileReference; lastKnownFileType = sourcecode.swift; path = NaturalistAppUITests.swift; sourceTree = "<group>"; };
		0A977B88220E0B8C005D1DC2 /* Info.plist */ = {isa = PBXFileReference; lastKnownFileType = text.plist.xml; path = Info.plist; sourceTree = "<group>"; };
		0A9F8C832219516200C299C8 /* Content.swift */ = {isa = PBXFileReference; lastKnownFileType = sourcecode.swift; path = Content.swift; sourceTree = "<group>"; };
		0A9F8C852219615C00C299C8 /* PagedResults.swift */ = {isa = PBXFileReference; lastKnownFileType = sourcecode.swift; path = PagedResults.swift; sourceTree = "<group>"; };
		0A9F8C87221961B200C299C8 /* NatProvider.swift */ = {isa = PBXFileReference; lastKnownFileType = sourcecode.swift; path = NatProvider.swift; sourceTree = "<group>"; };
		0A9F8C89221969E600C299C8 /* NatNetworkError.swift */ = {isa = PBXFileReference; lastKnownFileType = sourcecode.swift; path = NatNetworkError.swift; sourceTree = "<group>"; };
		0A9F8C8B22198F7800C299C8 /* AccessToken.swift */ = {isa = PBXFileReference; lastKnownFileType = sourcecode.swift; path = AccessToken.swift; sourceTree = "<group>"; };
		0A9F8C8D2219905500C299C8 /* JWTToken.swift */ = {isa = PBXFileReference; lastKnownFileType = sourcecode.swift; path = JWTToken.swift; sourceTree = "<group>"; };
		0AA5CDAE222044CD000A80BE /* SLocation.swift */ = {isa = PBXFileReference; lastKnownFileType = sourcecode.swift; path = SLocation.swift; sourceTree = "<group>"; };
		0AA9F1792221CB43008A67D5 /* MKMapRectExtensions.swift */ = {isa = PBXFileReference; lastKnownFileType = sourcecode.swift; path = MKMapRectExtensions.swift; sourceTree = "<group>"; };
		0ABA9C5E22101D9E0099F774 /* User.swift */ = {isa = PBXFileReference; lastKnownFileType = sourcecode.swift; path = User.swift; sourceTree = "<group>"; };
		0ABA9C60221024A10099F774 /* Observation.swift */ = {isa = PBXFileReference; lastKnownFileType = sourcecode.swift; path = Observation.swift; sourceTree = "<group>"; };
		0ABA9C62221029BD0099F774 /* LicenseCode.swift */ = {isa = PBXFileReference; lastKnownFileType = sourcecode.swift; path = LicenseCode.swift; sourceTree = "<group>"; };
		0ABA9C64221029EE0099F774 /* Photo.swift */ = {isa = PBXFileReference; lastKnownFileType = sourcecode.swift; path = Photo.swift; sourceTree = "<group>"; };
		0ABA9C6622102B210099F774 /* Taxon.swift */ = {isa = PBXFileReference; lastKnownFileType = sourcecode.swift; path = Taxon.swift; sourceTree = "<group>"; };
		0ABA9C6822103BDD0099F774 /* Comment.swift */ = {isa = PBXFileReference; lastKnownFileType = sourcecode.swift; path = Comment.swift; sourceTree = "<group>"; };
		0ABA9C6A2210498A0099F774 /* Fave.swift */ = {isa = PBXFileReference; lastKnownFileType = sourcecode.swift; path = Fave.swift; sourceTree = "<group>"; };
		0ABA9C6D22105FAB0099F774 /* NatAPI.swift */ = {isa = PBXFileReference; lastKnownFileType = sourcecode.swift; path = NatAPI.swift; sourceTree = "<group>"; };
		0ABA9C7022109EA60099F774 /* DefaultCaseRepresentable.swift */ = {isa = PBXFileReference; lastKnownFileType = sourcecode.swift; path = DefaultCaseRepresentable.swift; sourceTree = "<group>"; };
		0ABA9C732210A3C80099F774 /* KeychainService.swift */ = {isa = PBXFileReference; lastKnownFileType = sourcecode.swift; path = KeychainService.swift; sourceTree = "<group>"; };
		0ABA9C752210A4790099F774 /* APIKeys.swift */ = {isa = PBXFileReference; fileEncoding = 4; lastKnownFileType = sourcecode.swift; path = APIKeys.swift; sourceTree = "<group>"; };
		4EFE921A4D01CA1E7FCDC7D1 /* Pods_NaturalistApp.framework */ = {isa = PBXFileReference; explicitFileType = wrapper.framework; includeInIndex = 0; path = Pods_NaturalistApp.framework; sourceTree = BUILT_PRODUCTS_DIR; };
		55C0C7C3EA1EB43D5D54BFE4 /* Pods-NaturalistApp.debug.xcconfig */ = {isa = PBXFileReference; includeInIndex = 1; lastKnownFileType = text.xcconfig; name = "Pods-NaturalistApp.debug.xcconfig"; path = "Pods/Target Support Files/Pods-NaturalistApp/Pods-NaturalistApp.debug.xcconfig"; sourceTree = "<group>"; };
		9CCC4157664A04B95EE95B14 /* Pods-NaturalistApp.release.xcconfig */ = {isa = PBXFileReference; includeInIndex = 1; lastKnownFileType = text.xcconfig; name = "Pods-NaturalistApp.release.xcconfig"; path = "Pods/Target Support Files/Pods-NaturalistApp/Pods-NaturalistApp.release.xcconfig"; sourceTree = "<group>"; };
/* End PBXFileReference section */

/* Begin PBXFrameworksBuildPhase section */
		0A977B60220E0B8B005D1DC2 /* Frameworks */ = {
			isa = PBXFrameworksBuildPhase;
			buildActionMask = 2147483647;
			files = (
				9F0E766902695A23BFDCB8DF /* Pods_NaturalistApp.framework in Frameworks */,
			);
			runOnlyForDeploymentPostprocessing = 0;
		};
		0A977B74220E0B8C005D1DC2 /* Frameworks */ = {
			isa = PBXFrameworksBuildPhase;
			buildActionMask = 2147483647;
			files = (
			);
			runOnlyForDeploymentPostprocessing = 0;
		};
		0A977B7F220E0B8C005D1DC2 /* Frameworks */ = {
			isa = PBXFrameworksBuildPhase;
			buildActionMask = 2147483647;
			files = (
			);
			runOnlyForDeploymentPostprocessing = 0;
		};
/* End PBXFrameworksBuildPhase section */

/* Begin PBXGroup section */
		0A451A842211B4EC00684AC4 /* Controllers */ = {
			isa = PBXGroup;
			children = (
				0A3F664A2219B750002452B0 /* AuthorizeViewController.swift */,
				0A3139E3221AB315009D87F0 /* MapViewController.swift */,
			);
			path = Controllers;
			sourceTree = "<group>";
		};
		0A977B5A220E0B8B005D1DC2 = {
			isa = PBXGroup;
			children = (
				0A977B65220E0B8B005D1DC2 /* NaturalistApp */,
				0A977B7A220E0B8C005D1DC2 /* NaturalistAppTests */,
				0A977B85220E0B8C005D1DC2 /* NaturalistAppUITests */,
				0A977B64220E0B8B005D1DC2 /* Products */,
				3905F3500FDDE72FCFB26D1D /* Pods */,
				F28E094C664F69A0BD0417F8 /* Frameworks */,
			);
			sourceTree = "<group>";
		};
		0A977B64220E0B8B005D1DC2 /* Products */ = {
			isa = PBXGroup;
			children = (
				0A977B63220E0B8B005D1DC2 /* NaturalistApp.app */,
				0A977B77220E0B8C005D1DC2 /* NaturalistAppTests.xctest */,
				0A977B82220E0B8C005D1DC2 /* NaturalistAppUITests.xctest */,
			);
			name = Products;
			sourceTree = "<group>";
		};
		0A977B65220E0B8B005D1DC2 /* NaturalistApp */ = {
			isa = PBXGroup;
			children = (
				0A451A842211B4EC00684AC4 /* Controllers */,
				0ABA9C6F22109E920099F774 /* Extensions */,
				0ABA9C6C22105F8F0099F774 /* Network */,
				0ABA9C5D22101CE40099F774 /* Model */,
				0ABA9C722210A30C0099F774 /* Services */,
				0A977B66220E0B8B005D1DC2 /* AppDelegate.swift */,
				0A977B6A220E0B8B005D1DC2 /* Main.storyboard */,
				0A977B6D220E0B8C005D1DC2 /* Assets.xcassets */,
				0A977B6F220E0B8C005D1DC2 /* LaunchScreen.storyboard */,
				0A977B72220E0B8C005D1DC2 /* Info.plist */,
				0A451A872211B5B000684AC4 /* Animations.swift */,
				0A451A802211B35400684AC4 /* FreeMethods.swift */,
			);
			path = NaturalistApp;
			sourceTree = "<group>";
		};
		0A977B7A220E0B8C005D1DC2 /* NaturalistAppTests */ = {
			isa = PBXGroup;
			children = (
				0A977B7B220E0B8C005D1DC2 /* NaturalistAppTests.swift */,
				0A977B7D220E0B8C005D1DC2 /* Info.plist */,
			);
			path = NaturalistAppTests;
			sourceTree = "<group>";
		};
		0A977B85220E0B8C005D1DC2 /* NaturalistAppUITests */ = {
			isa = PBXGroup;
			children = (
				0A977B86220E0B8C005D1DC2 /* NaturalistAppUITests.swift */,
				0A977B88220E0B8C005D1DC2 /* Info.plist */,
			);
			path = NaturalistAppUITests;
			sourceTree = "<group>";
		};
		0ABA9C5D22101CE40099F774 /* Model */ = {
			isa = PBXGroup;
			children = (
				0A9F8C8B22198F7800C299C8 /* AccessToken.swift */,
				0ABA9C6822103BDD0099F774 /* Comment.swift */,
				0A9F8C832219516200C299C8 /* Content.swift */,
				0ABA9C6A2210498A0099F774 /* Fave.swift */,
				0A0B00A4221FD999008E17D9 /* Geojson.swift */,
				0A9F8C8D2219905500C299C8 /* JWTToken.swift */,
				0ABA9C62221029BD0099F774 /* LicenseCode.swift */,
				0ABA9C60221024A10099F774 /* Observation.swift */,
				0A9F8C852219615C00C299C8 /* PagedResults.swift */,
				0ABA9C64221029EE0099F774 /* Photo.swift */,
				0AA5CDAE222044CD000A80BE /* SLocation.swift */,
				0ABA9C6622102B210099F774 /* Taxon.swift */,
				0ABA9C5E22101D9E0099F774 /* User.swift */,
				0A5832322224118A0071DEE0 /* ObsAnnotation.swift */,
			);
			path = Model;
			sourceTree = "<group>";
		};
		0ABA9C6C22105F8F0099F774 /* Network */ = {
			isa = PBXGroup;
			children = (
				0ABA9C6D22105FAB0099F774 /* NatAPI.swift */,
				0A9F8C87221961B200C299C8 /* NatProvider.swift */,
				0A9F8C89221969E600C299C8 /* NatNetworkError.swift */,
			);
			path = Network;
			sourceTree = "<group>";
		};
		0ABA9C6F22109E920099F774 /* Extensions */ = {
			isa = PBXGroup;
			children = (
				0A33CA36221F1F1B00BDD802 /* PromiseKitExtensions.swift */,
				0A3139E5221ABCE9009D87F0 /* MKMapViewExtension.swift */,
				0ABA9C7022109EA60099F774 /* DefaultCaseRepresentable.swift */,
				0A93539822207E700067E197 /* CLLocationCoordinate2DExtensions.swift */,
				0AA9F1792221CB43008A67D5 /* MKMapRectExtensions.swift */,
			);
			path = Extensions;
			sourceTree = "<group>";
		};
		0ABA9C722210A30C0099F774 /* Services */ = {
			isa = PBXGroup;
			children = (
				0ABA9C732210A3C80099F774 /* KeychainService.swift */,
				0ABA9C752210A4790099F774 /* APIKeys.swift */,
			);
			path = Services;
			sourceTree = "<group>";
		};
		3905F3500FDDE72FCFB26D1D /* Pods */ = {
			isa = PBXGroup;
			children = (
				55C0C7C3EA1EB43D5D54BFE4 /* Pods-NaturalistApp.debug.xcconfig */,
				9CCC4157664A04B95EE95B14 /* Pods-NaturalistApp.release.xcconfig */,
			);
			name = Pods;
			sourceTree = "<group>";
		};
		F28E094C664F69A0BD0417F8 /* Frameworks */ = {
			isa = PBXGroup;
			children = (
				4EFE921A4D01CA1E7FCDC7D1 /* Pods_NaturalistApp.framework */,
			);
			name = Frameworks;
			sourceTree = "<group>";
		};
/* End PBXGroup section */

/* Begin PBXNativeTarget section */
		0A977B62220E0B8B005D1DC2 /* NaturalistApp */ = {
			isa = PBXNativeTarget;
			buildConfigurationList = 0A977B8B220E0B8C005D1DC2 /* Build configuration list for PBXNativeTarget "NaturalistApp" */;
			buildPhases = (
				2C1B792DF7F2B3E5D2FBF943 /* [CP] Check Pods Manifest.lock */,
				0A977B5F220E0B8B005D1DC2 /* Sources */,
				0A977B60220E0B8B005D1DC2 /* Frameworks */,
				0A977B61220E0B8B005D1DC2 /* Resources */,
				4E97586F207D36C8C1E88F66 /* [CP] Embed Pods Frameworks */,
			);
			buildRules = (
			);
			dependencies = (
			);
			name = NaturalistApp;
			productName = NaturalistApp;
			productReference = 0A977B63220E0B8B005D1DC2 /* NaturalistApp.app */;
			productType = "com.apple.product-type.application";
		};
		0A977B76220E0B8C005D1DC2 /* NaturalistAppTests */ = {
			isa = PBXNativeTarget;
			buildConfigurationList = 0A977B8E220E0B8C005D1DC2 /* Build configuration list for PBXNativeTarget "NaturalistAppTests" */;
			buildPhases = (
				0A977B73220E0B8C005D1DC2 /* Sources */,
				0A977B74220E0B8C005D1DC2 /* Frameworks */,
				0A977B75220E0B8C005D1DC2 /* Resources */,
			);
			buildRules = (
			);
			dependencies = (
				0A977B79220E0B8C005D1DC2 /* PBXTargetDependency */,
			);
			name = NaturalistAppTests;
			productName = NaturalistAppTests;
			productReference = 0A977B77220E0B8C005D1DC2 /* NaturalistAppTests.xctest */;
			productType = "com.apple.product-type.bundle.unit-test";
		};
		0A977B81220E0B8C005D1DC2 /* NaturalistAppUITests */ = {
			isa = PBXNativeTarget;
			buildConfigurationList = 0A977B91220E0B8C005D1DC2 /* Build configuration list for PBXNativeTarget "NaturalistAppUITests" */;
			buildPhases = (
				0A977B7E220E0B8C005D1DC2 /* Sources */,
				0A977B7F220E0B8C005D1DC2 /* Frameworks */,
				0A977B80220E0B8C005D1DC2 /* Resources */,
			);
			buildRules = (
			);
			dependencies = (
				0A977B84220E0B8C005D1DC2 /* PBXTargetDependency */,
			);
			name = NaturalistAppUITests;
			productName = NaturalistAppUITests;
			productReference = 0A977B82220E0B8C005D1DC2 /* NaturalistAppUITests.xctest */;
			productType = "com.apple.product-type.bundle.ui-testing";
		};
/* End PBXNativeTarget section */

/* Begin PBXProject section */
		0A977B5B220E0B8B005D1DC2 /* Project object */ = {
			isa = PBXProject;
			attributes = {
				LastSwiftUpdateCheck = 1010;
				LastUpgradeCheck = 1010;
				ORGANIZATIONNAME = "Dmitriy Borovikov";
				TargetAttributes = {
					0A977B62220E0B8B005D1DC2 = {
						CreatedOnToolsVersion = 10.1;
					};
					0A977B76220E0B8C005D1DC2 = {
						CreatedOnToolsVersion = 10.1;
						TestTargetID = 0A977B62220E0B8B005D1DC2;
					};
					0A977B81220E0B8C005D1DC2 = {
						CreatedOnToolsVersion = 10.1;
						TestTargetID = 0A977B62220E0B8B005D1DC2;
					};
				};
			};
			buildConfigurationList = 0A977B5E220E0B8B005D1DC2 /* Build configuration list for PBXProject "NaturalistApp" */;
			compatibilityVersion = "Xcode 9.3";
			developmentRegion = en;
			hasScannedForEncodings = 0;
			knownRegions = (
				en,
				Base,
			);
			mainGroup = 0A977B5A220E0B8B005D1DC2;
			productRefGroup = 0A977B64220E0B8B005D1DC2 /* Products */;
			projectDirPath = "";
			projectRoot = "";
			targets = (
				0A977B62220E0B8B005D1DC2 /* NaturalistApp */,
				0A977B76220E0B8C005D1DC2 /* NaturalistAppTests */,
				0A977B81220E0B8C005D1DC2 /* NaturalistAppUITests */,
			);
		};
/* End PBXProject section */

/* Begin PBXResourcesBuildPhase section */
		0A977B61220E0B8B005D1DC2 /* Resources */ = {
			isa = PBXResourcesBuildPhase;
			buildActionMask = 2147483647;
			files = (
				0A977B71220E0B8C005D1DC2 /* LaunchScreen.storyboard in Resources */,
				0A977B6E220E0B8C005D1DC2 /* Assets.xcassets in Resources */,
				0A977B6C220E0B8B005D1DC2 /* Main.storyboard in Resources */,
			);
			runOnlyForDeploymentPostprocessing = 0;
		};
		0A977B75220E0B8C005D1DC2 /* Resources */ = {
			isa = PBXResourcesBuildPhase;
			buildActionMask = 2147483647;
			files = (
			);
			runOnlyForDeploymentPostprocessing = 0;
		};
		0A977B80220E0B8C005D1DC2 /* Resources */ = {
			isa = PBXResourcesBuildPhase;
			buildActionMask = 2147483647;
			files = (
			);
			runOnlyForDeploymentPostprocessing = 0;
		};
/* End PBXResourcesBuildPhase section */

/* Begin PBXShellScriptBuildPhase section */
		2C1B792DF7F2B3E5D2FBF943 /* [CP] Check Pods Manifest.lock */ = {
			isa = PBXShellScriptBuildPhase;
			buildActionMask = 2147483647;
			files = (
			);
			inputFileListPaths = (
			);
			inputPaths = (
				"${PODS_PODFILE_DIR_PATH}/Podfile.lock",
				"${PODS_ROOT}/Manifest.lock",
			);
			name = "[CP] Check Pods Manifest.lock";
			outputFileListPaths = (
			);
			outputPaths = (
				"$(DERIVED_FILE_DIR)/Pods-NaturalistApp-checkManifestLockResult.txt",
			);
			runOnlyForDeploymentPostprocessing = 0;
			shellPath = /bin/sh;
			shellScript = "diff \"${PODS_PODFILE_DIR_PATH}/Podfile.lock\" \"${PODS_ROOT}/Manifest.lock\" > /dev/null\nif [ $? != 0 ] ; then\n    # print error to STDERR\n    echo \"error: The sandbox is not in sync with the Podfile.lock. Run 'pod install' or update your CocoaPods installation.\" >&2\n    exit 1\nfi\n# This output is used by Xcode 'outputs' to avoid re-running this script phase.\necho \"SUCCESS\" > \"${SCRIPT_OUTPUT_FILE_0}\"\n";
			showEnvVarsInLog = 0;
		};
		4E97586F207D36C8C1E88F66 /* [CP] Embed Pods Frameworks */ = {
			isa = PBXShellScriptBuildPhase;
			buildActionMask = 2147483647;
			files = (
			);
			inputFileListPaths = (
			);
			inputPaths = (
				"${PODS_ROOT}/Target Support Files/Pods-NaturalistApp/Pods-NaturalistApp-frameworks.sh",
				"${BUILT_PRODUCTS_DIR}/Alamofire/Alamofire.framework",
				"${BUILT_PRODUCTS_DIR}/KeychainAccess/KeychainAccess.framework",
				"${BUILT_PRODUCTS_DIR}/Keys/Keys.framework",
				"${BUILT_PRODUCTS_DIR}/Kingfisher/Kingfisher.framework",
				"${BUILT_PRODUCTS_DIR}/Moya/Moya.framework",
				"${BUILT_PRODUCTS_DIR}/PromiseKit/PromiseKit.framework",
				"${BUILT_PRODUCTS_DIR}/Result/Result.framework",
				"${BUILT_PRODUCTS_DIR}/SwiftyUserDefaults/SwiftyUserDefaults.framework",
			);
			name = "[CP] Embed Pods Frameworks";
			outputFileListPaths = (
			);
			outputPaths = (
				"${TARGET_BUILD_DIR}/${FRAMEWORKS_FOLDER_PATH}/Alamofire.framework",
				"${TARGET_BUILD_DIR}/${FRAMEWORKS_FOLDER_PATH}/KeychainAccess.framework",
				"${TARGET_BUILD_DIR}/${FRAMEWORKS_FOLDER_PATH}/Keys.framework",
				"${TARGET_BUILD_DIR}/${FRAMEWORKS_FOLDER_PATH}/Kingfisher.framework",
				"${TARGET_BUILD_DIR}/${FRAMEWORKS_FOLDER_PATH}/Moya.framework",
				"${TARGET_BUILD_DIR}/${FRAMEWORKS_FOLDER_PATH}/PromiseKit.framework",
				"${TARGET_BUILD_DIR}/${FRAMEWORKS_FOLDER_PATH}/Result.framework",
				"${TARGET_BUILD_DIR}/${FRAMEWORKS_FOLDER_PATH}/SwiftyUserDefaults.framework",
			);
			runOnlyForDeploymentPostprocessing = 0;
			shellPath = /bin/sh;
			shellScript = "\"${PODS_ROOT}/Target Support Files/Pods-NaturalistApp/Pods-NaturalistApp-frameworks.sh\"\n";
			showEnvVarsInLog = 0;
		};
/* End PBXShellScriptBuildPhase section */

/* Begin PBXSourcesBuildPhase section */
		0A977B5F220E0B8B005D1DC2 /* Sources */ = {
			isa = PBXSourcesBuildPhase;
			buildActionMask = 2147483647;
			files = (
				0ABA9C6722102B210099F774 /* Taxon.swift in Sources */,
				0A0B00A5221FD999008E17D9 /* Geojson.swift in Sources */,
				0A5832332224118A0071DEE0 /* ObsAnnotation.swift in Sources */,
				0ABA9C65221029EE0099F774 /* Photo.swift in Sources */,
				0A3F664B2219B750002452B0 /* AuthorizeViewController.swift in Sources */,
				0A9F8C88221961B200C299C8 /* NatProvider.swift in Sources */,
				0ABA9C762210A4790099F774 /* APIKeys.swift in Sources */,
				0A9F8C842219516200C299C8 /* Content.swift in Sources */,
				0ABA9C61221024A10099F774 /* Observation.swift in Sources */,
				0ABA9C6922103BDD0099F774 /* Comment.swift in Sources */,
				0ABA9C63221029BD0099F774 /* LicenseCode.swift in Sources */,
				0A3139E6221ABCE9009D87F0 /* MKMapViewExtension.swift in Sources */,
				0A3139E4221AB315009D87F0 /* MapViewController.swift in Sources */,
				0A9F8C8E2219905500C299C8 /* JWTToken.swift in Sources */,
				0A451A812211B35400684AC4 /* FreeMethods.swift in Sources */,
				0ABA9C742210A3EC0099F774 /* KeychainService.swift in Sources */,
				0A9F8C862219615C00C299C8 /* PagedResults.swift in Sources */,
				0ABA9C7122109EA60099F774 /* DefaultCaseRepresentable.swift in Sources */,
				0AA9F17A2221CB43008A67D5 /* MKMapRectExtensions.swift in Sources */,
				0ABA9C6E22105FAB0099F774 /* NatAPI.swift in Sources */,
				0A93539922207E700067E197 /* CLLocationCoordinate2DExtensions.swift in Sources */,
				0ABA9C6B2210498A0099F774 /* Fave.swift in Sources */,
				0A977B67220E0B8B005D1DC2 /* AppDelegate.swift in Sources */,
				0AA5CDAF222044CD000A80BE /* SLocation.swift in Sources */,
				0A9F8C8A221969E600C299C8 /* NatNetworkError.swift in Sources */,
				0A451A882211B5B000684AC4 /* Animations.swift in Sources */,
				0ABA9C5F22101D9E0099F774 /* User.swift in Sources */,
				0A9F8C8C22198F7800C299C8 /* AccessToken.swift in Sources */,
				0A33CA37221F1F1B00BDD802 /* PromiseKitExtensions.swift in Sources */,
			);
			runOnlyForDeploymentPostprocessing = 0;
		};
		0A977B73220E0B8C005D1DC2 /* Sources */ = {
			isa = PBXSourcesBuildPhase;
			buildActionMask = 2147483647;
			files = (
				0A977B7C220E0B8C005D1DC2 /* NaturalistAppTests.swift in Sources */,
			);
			runOnlyForDeploymentPostprocessing = 0;
		};
		0A977B7E220E0B8C005D1DC2 /* Sources */ = {
			isa = PBXSourcesBuildPhase;
			buildActionMask = 2147483647;
			files = (
				0A977B87220E0B8C005D1DC2 /* NaturalistAppUITests.swift in Sources */,
			);
			runOnlyForDeploymentPostprocessing = 0;
		};
/* End PBXSourcesBuildPhase section */

/* Begin PBXTargetDependency section */
		0A977B79220E0B8C005D1DC2 /* PBXTargetDependency */ = {
			isa = PBXTargetDependency;
			target = 0A977B62220E0B8B005D1DC2 /* NaturalistApp */;
			targetProxy = 0A977B78220E0B8C005D1DC2 /* PBXContainerItemProxy */;
		};
		0A977B84220E0B8C005D1DC2 /* PBXTargetDependency */ = {
			isa = PBXTargetDependency;
			target = 0A977B62220E0B8B005D1DC2 /* NaturalistApp */;
			targetProxy = 0A977B83220E0B8C005D1DC2 /* PBXContainerItemProxy */;
		};
/* End PBXTargetDependency section */

/* Begin PBXVariantGroup section */
		0A977B6A220E0B8B005D1DC2 /* Main.storyboard */ = {
			isa = PBXVariantGroup;
			children = (
				0A977B6B220E0B8B005D1DC2 /* Base */,
			);
			name = Main.storyboard;
			sourceTree = "<group>";
		};
		0A977B6F220E0B8C005D1DC2 /* LaunchScreen.storyboard */ = {
			isa = PBXVariantGroup;
			children = (
				0A977B70220E0B8C005D1DC2 /* Base */,
			);
			name = LaunchScreen.storyboard;
			sourceTree = "<group>";
		};
/* End PBXVariantGroup section */

/* Begin XCBuildConfiguration section */
		0A977B89220E0B8C005D1DC2 /* Debug */ = {
			isa = XCBuildConfiguration;
			buildSettings = {
				ALWAYS_SEARCH_USER_PATHS = NO;
				CLANG_ANALYZER_NONNULL = YES;
				CLANG_ANALYZER_NUMBER_OBJECT_CONVERSION = YES_AGGRESSIVE;
				CLANG_CXX_LANGUAGE_STANDARD = "gnu++14";
				CLANG_CXX_LIBRARY = "libc++";
				CLANG_ENABLE_MODULES = YES;
				CLANG_ENABLE_OBJC_ARC = YES;
				CLANG_ENABLE_OBJC_WEAK = YES;
				CLANG_WARN_BLOCK_CAPTURE_AUTORELEASING = YES;
				CLANG_WARN_BOOL_CONVERSION = YES;
				CLANG_WARN_COMMA = YES;
				CLANG_WARN_CONSTANT_CONVERSION = YES;
				CLANG_WARN_DEPRECATED_OBJC_IMPLEMENTATIONS = YES;
				CLANG_WARN_DIRECT_OBJC_ISA_USAGE = YES_ERROR;
				CLANG_WARN_DOCUMENTATION_COMMENTS = YES;
				CLANG_WARN_EMPTY_BODY = YES;
				CLANG_WARN_ENUM_CONVERSION = YES;
				CLANG_WARN_INFINITE_RECURSION = YES;
				CLANG_WARN_INT_CONVERSION = YES;
				CLANG_WARN_NON_LITERAL_NULL_CONVERSION = YES;
				CLANG_WARN_OBJC_IMPLICIT_RETAIN_SELF = YES;
				CLANG_WARN_OBJC_LITERAL_CONVERSION = YES;
				CLANG_WARN_OBJC_ROOT_CLASS = YES_ERROR;
				CLANG_WARN_RANGE_LOOP_ANALYSIS = YES;
				CLANG_WARN_STRICT_PROTOTYPES = YES;
				CLANG_WARN_SUSPICIOUS_MOVE = YES;
				CLANG_WARN_UNGUARDED_AVAILABILITY = YES_AGGRESSIVE;
				CLANG_WARN_UNREACHABLE_CODE = YES;
				CLANG_WARN__DUPLICATE_METHOD_MATCH = YES;
				CODE_SIGN_IDENTITY = "iPhone Developer";
				COPY_PHASE_STRIP = NO;
				DEBUG_INFORMATION_FORMAT = dwarf;
				ENABLE_STRICT_OBJC_MSGSEND = YES;
				ENABLE_TESTABILITY = YES;
				GCC_C_LANGUAGE_STANDARD = gnu11;
				GCC_DYNAMIC_NO_PIC = NO;
				GCC_NO_COMMON_BLOCKS = YES;
				GCC_OPTIMIZATION_LEVEL = 0;
				GCC_PREPROCESSOR_DEFINITIONS = (
					"DEBUG=1",
					"$(inherited)",
				);
				GCC_WARN_64_TO_32_BIT_CONVERSION = YES;
				GCC_WARN_ABOUT_RETURN_TYPE = YES_ERROR;
				GCC_WARN_UNDECLARED_SELECTOR = YES;
				GCC_WARN_UNINITIALIZED_AUTOS = YES_AGGRESSIVE;
				GCC_WARN_UNUSED_FUNCTION = YES;
				GCC_WARN_UNUSED_VARIABLE = YES;
				IPHONEOS_DEPLOYMENT_TARGET = 12.1;
				MTL_ENABLE_DEBUG_INFO = INCLUDE_SOURCE;
				MTL_FAST_MATH = YES;
				ONLY_ACTIVE_ARCH = YES;
				SDKROOT = iphoneos;
				SWIFT_ACTIVE_COMPILATION_CONDITIONS = DEBUG;
				SWIFT_OPTIMIZATION_LEVEL = "-Onone";
			};
			name = Debug;
		};
		0A977B8A220E0B8C005D1DC2 /* Release */ = {
			isa = XCBuildConfiguration;
			buildSettings = {
				ALWAYS_SEARCH_USER_PATHS = NO;
				CLANG_ANALYZER_NONNULL = YES;
				CLANG_ANALYZER_NUMBER_OBJECT_CONVERSION = YES_AGGRESSIVE;
				CLANG_CXX_LANGUAGE_STANDARD = "gnu++14";
				CLANG_CXX_LIBRARY = "libc++";
				CLANG_ENABLE_MODULES = YES;
				CLANG_ENABLE_OBJC_ARC = YES;
				CLANG_ENABLE_OBJC_WEAK = YES;
				CLANG_WARN_BLOCK_CAPTURE_AUTORELEASING = YES;
				CLANG_WARN_BOOL_CONVERSION = YES;
				CLANG_WARN_COMMA = YES;
				CLANG_WARN_CONSTANT_CONVERSION = YES;
				CLANG_WARN_DEPRECATED_OBJC_IMPLEMENTATIONS = YES;
				CLANG_WARN_DIRECT_OBJC_ISA_USAGE = YES_ERROR;
				CLANG_WARN_DOCUMENTATION_COMMENTS = YES;
				CLANG_WARN_EMPTY_BODY = YES;
				CLANG_WARN_ENUM_CONVERSION = YES;
				CLANG_WARN_INFINITE_RECURSION = YES;
				CLANG_WARN_INT_CONVERSION = YES;
				CLANG_WARN_NON_LITERAL_NULL_CONVERSION = YES;
				CLANG_WARN_OBJC_IMPLICIT_RETAIN_SELF = YES;
				CLANG_WARN_OBJC_LITERAL_CONVERSION = YES;
				CLANG_WARN_OBJC_ROOT_CLASS = YES_ERROR;
				CLANG_WARN_RANGE_LOOP_ANALYSIS = YES;
				CLANG_WARN_STRICT_PROTOTYPES = YES;
				CLANG_WARN_SUSPICIOUS_MOVE = YES;
				CLANG_WARN_UNGUARDED_AVAILABILITY = YES_AGGRESSIVE;
				CLANG_WARN_UNREACHABLE_CODE = YES;
				CLANG_WARN__DUPLICATE_METHOD_MATCH = YES;
				CODE_SIGN_IDENTITY = "iPhone Developer";
				COPY_PHASE_STRIP = NO;
				DEBUG_INFORMATION_FORMAT = "dwarf-with-dsym";
				ENABLE_NS_ASSERTIONS = NO;
				ENABLE_STRICT_OBJC_MSGSEND = YES;
				GCC_C_LANGUAGE_STANDARD = gnu11;
				GCC_NO_COMMON_BLOCKS = YES;
				GCC_WARN_64_TO_32_BIT_CONVERSION = YES;
				GCC_WARN_ABOUT_RETURN_TYPE = YES_ERROR;
				GCC_WARN_UNDECLARED_SELECTOR = YES;
				GCC_WARN_UNINITIALIZED_AUTOS = YES_AGGRESSIVE;
				GCC_WARN_UNUSED_FUNCTION = YES;
				GCC_WARN_UNUSED_VARIABLE = YES;
				IPHONEOS_DEPLOYMENT_TARGET = 12.1;
				MTL_ENABLE_DEBUG_INFO = NO;
				MTL_FAST_MATH = YES;
				SDKROOT = iphoneos;
				SWIFT_COMPILATION_MODE = wholemodule;
				SWIFT_OPTIMIZATION_LEVEL = "-O";
				VALIDATE_PRODUCT = YES;
			};
			name = Release;
		};
		0A977B8C220E0B8C005D1DC2 /* Debug */ = {
			isa = XCBuildConfiguration;
			baseConfigurationReference = 55C0C7C3EA1EB43D5D54BFE4 /* Pods-NaturalistApp.debug.xcconfig */;
			buildSettings = {
				ASSETCATALOG_COMPILER_APPICON_NAME = AppIcon;
				CODE_SIGN_STYLE = Automatic;
				DEVELOPMENT_TEAM = 9BEQ8V4XH9;
				INFOPLIST_FILE = NaturalistApp/Info.plist;
				IPHONEOS_DEPLOYMENT_TARGET = 11.0;
				LD_RUNPATH_SEARCH_PATHS = (
					"$(inherited)",
					"@executable_path/Frameworks",
				);
				PRODUCT_BUNDLE_IDENTIFIER = me.borovikov.NaturalistApp;
				PRODUCT_NAME = "$(TARGET_NAME)";
				SWIFT_VERSION = 4.2;
				TARGETED_DEVICE_FAMILY = "1,2";
			};
			name = Debug;
		};
		0A977B8D220E0B8C005D1DC2 /* Release */ = {
			isa = XCBuildConfiguration;
			baseConfigurationReference = 9CCC4157664A04B95EE95B14 /* Pods-NaturalistApp.release.xcconfig */;
			buildSettings = {
				ASSETCATALOG_COMPILER_APPICON_NAME = AppIcon;
				CODE_SIGN_STYLE = Automatic;
				DEVELOPMENT_TEAM = 9BEQ8V4XH9;
				INFOPLIST_FILE = NaturalistApp/Info.plist;
				IPHONEOS_DEPLOYMENT_TARGET = 11.0;
				LD_RUNPATH_SEARCH_PATHS = (
					"$(inherited)",
					"@executable_path/Frameworks",
				);
				PRODUCT_BUNDLE_IDENTIFIER = me.borovikov.NaturalistApp;
				PRODUCT_NAME = "$(TARGET_NAME)";
				SWIFT_VERSION = 4.2;
				TARGETED_DEVICE_FAMILY = "1,2";
			};
			name = Release;
		};
		0A977B8F220E0B8C005D1DC2 /* Debug */ = {
			isa = XCBuildConfiguration;
			buildSettings = {
				ALWAYS_EMBED_SWIFT_STANDARD_LIBRARIES = YES;
				BUNDLE_LOADER = "$(TEST_HOST)";
				CODE_SIGN_STYLE = Automatic;
				DEVELOPMENT_TEAM = 9BEQ8V4XH9;
				INFOPLIST_FILE = NaturalistAppTests/Info.plist;
				LD_RUNPATH_SEARCH_PATHS = (
					"$(inherited)",
					"@executable_path/Frameworks",
					"@loader_path/Frameworks",
				);
				PRODUCT_BUNDLE_IDENTIFIER = me.borovikov.NaturalistAppTests;
				PRODUCT_NAME = "$(TARGET_NAME)";
				SWIFT_VERSION = 4.2;
				TARGETED_DEVICE_FAMILY = "1,2";
				TEST_HOST = "$(BUILT_PRODUCTS_DIR)/NaturalistApp.app/NaturalistApp";
			};
			name = Debug;
		};
		0A977B90220E0B8C005D1DC2 /* Release */ = {
			isa = XCBuildConfiguration;
			buildSettings = {
				ALWAYS_EMBED_SWIFT_STANDARD_LIBRARIES = YES;
				BUNDLE_LOADER = "$(TEST_HOST)";
				CODE_SIGN_STYLE = Automatic;
				DEVELOPMENT_TEAM = 9BEQ8V4XH9;
				INFOPLIST_FILE = NaturalistAppTests/Info.plist;
				LD_RUNPATH_SEARCH_PATHS = (
					"$(inherited)",
					"@executable_path/Frameworks",
					"@loader_path/Frameworks",
				);
				PRODUCT_BUNDLE_IDENTIFIER = me.borovikov.NaturalistAppTests;
				PRODUCT_NAME = "$(TARGET_NAME)";
				SWIFT_VERSION = 4.2;
				TARGETED_DEVICE_FAMILY = "1,2";
				TEST_HOST = "$(BUILT_PRODUCTS_DIR)/NaturalistApp.app/NaturalistApp";
			};
			name = Release;
		};
		0A977B92220E0B8C005D1DC2 /* Debug */ = {
			isa = XCBuildConfiguration;
			buildSettings = {
				ALWAYS_EMBED_SWIFT_STANDARD_LIBRARIES = YES;
				CODE_SIGN_STYLE = Automatic;
				DEVELOPMENT_TEAM = 9BEQ8V4XH9;
				INFOPLIST_FILE = NaturalistAppUITests/Info.plist;
				LD_RUNPATH_SEARCH_PATHS = (
					"$(inherited)",
					"@executable_path/Frameworks",
					"@loader_path/Frameworks",
				);
				PRODUCT_BUNDLE_IDENTIFIER = me.borovikov.NaturalistAppUITests;
				PRODUCT_NAME = "$(TARGET_NAME)";
				SWIFT_VERSION = 4.2;
				TARGETED_DEVICE_FAMILY = "1,2";
				TEST_TARGET_NAME = NaturalistApp;
			};
			name = Debug;
		};
		0A977B93220E0B8C005D1DC2 /* Release */ = {
			isa = XCBuildConfiguration;
			buildSettings = {
				ALWAYS_EMBED_SWIFT_STANDARD_LIBRARIES = YES;
				CODE_SIGN_STYLE = Automatic;
				DEVELOPMENT_TEAM = 9BEQ8V4XH9;
				INFOPLIST_FILE = NaturalistAppUITests/Info.plist;
				LD_RUNPATH_SEARCH_PATHS = (
					"$(inherited)",
					"@executable_path/Frameworks",
					"@loader_path/Frameworks",
				);
				PRODUCT_BUNDLE_IDENTIFIER = me.borovikov.NaturalistAppUITests;
				PRODUCT_NAME = "$(TARGET_NAME)";
				SWIFT_VERSION = 4.2;
				TARGETED_DEVICE_FAMILY = "1,2";
				TEST_TARGET_NAME = NaturalistApp;
			};
			name = Release;
		};
/* End XCBuildConfiguration section */

/* Begin XCConfigurationList section */
		0A977B5E220E0B8B005D1DC2 /* Build configuration list for PBXProject "NaturalistApp" */ = {
			isa = XCConfigurationList;
			buildConfigurations = (
				0A977B89220E0B8C005D1DC2 /* Debug */,
				0A977B8A220E0B8C005D1DC2 /* Release */,
			);
			defaultConfigurationIsVisible = 0;
			defaultConfigurationName = Release;
		};
		0A977B8B220E0B8C005D1DC2 /* Build configuration list for PBXNativeTarget "NaturalistApp" */ = {
			isa = XCConfigurationList;
			buildConfigurations = (
				0A977B8C220E0B8C005D1DC2 /* Debug */,
				0A977B8D220E0B8C005D1DC2 /* Release */,
			);
			defaultConfigurationIsVisible = 0;
			defaultConfigurationName = Release;
		};
		0A977B8E220E0B8C005D1DC2 /* Build configuration list for PBXNativeTarget "NaturalistAppTests" */ = {
			isa = XCConfigurationList;
			buildConfigurations = (
				0A977B8F220E0B8C005D1DC2 /* Debug */,
				0A977B90220E0B8C005D1DC2 /* Release */,
			);
			defaultConfigurationIsVisible = 0;
			defaultConfigurationName = Release;
		};
		0A977B91220E0B8C005D1DC2 /* Build configuration list for PBXNativeTarget "NaturalistAppUITests" */ = {
			isa = XCConfigurationList;
			buildConfigurations = (
				0A977B92220E0B8C005D1DC2 /* Debug */,
				0A977B93220E0B8C005D1DC2 /* Release */,
			);
			defaultConfigurationIsVisible = 0;
			defaultConfigurationName = Release;
		};
/* End XCConfigurationList section */
	};
	rootObject = 0A977B5B220E0B8B005D1DC2 /* Project object */;
}
